// !$*UTF8*$!
{
	archiveVersion = 1;
	classes = {
	};
	objectVersion = 51;
	objects = {

/* Begin PBXBuildFile section */
		50D27D71C5F0D60DD7B804FB /* libPods-VIPER-Recipes.a in Frameworks */ = {isa = PBXBuildFile; fileRef = 6EA4C22A005D92F4AC4B546F /* libPods-VIPER-Recipes.a */; };
		8406AF102405821000578667 /* LoginInteractorDependencies.swift in Sources */ = {isa = PBXBuildFile; fileRef = 8406AF012405821000578667 /* LoginInteractorDependencies.swift */; };
		8406AF112405821000578667 /* LoginAction.swift in Sources */ = {isa = PBXBuildFile; fileRef = 8406AF022405821000578667 /* LoginAction.swift */; };
		8406AF122405821000578667 /* LoginPresenter.swift in Sources */ = {isa = PBXBuildFile; fileRef = 8406AF032405821000578667 /* LoginPresenter.swift */; };
		8406AF132405821000578667 /* LoginRouter.swift in Sources */ = {isa = PBXBuildFile; fileRef = 8406AF042405821000578667 /* LoginRouter.swift */; };
		8406AF142405821000578667 /* LoginRouterDependencies.swift in Sources */ = {isa = PBXBuildFile; fileRef = 8406AF052405821000578667 /* LoginRouterDependencies.swift */; };
		8406AF152405821000578667 /* LoginRoute.swift in Sources */ = {isa = PBXBuildFile; fileRef = 8406AF062405821000578667 /* LoginRoute.swift */; };
		8406AF162405821000578667 /* LoginViewController.swift in Sources */ = {isa = PBXBuildFile; fileRef = 8406AF072405821000578667 /* LoginViewController.swift */; };
		8406AF172405821000578667 /* LoginWireframeError.swift in Sources */ = {isa = PBXBuildFile; fileRef = 8406AF082405821000578667 /* LoginWireframeError.swift */; };
		8406AF182405821000578667 /* LoginPresenterDependencies.swift in Sources */ = {isa = PBXBuildFile; fileRef = 8406AF092405821000578667 /* LoginPresenterDependencies.swift */; };
		8406AF192405821000578667 /* LoginInteractor.swift in Sources */ = {isa = PBXBuildFile; fileRef = 8406AF0A2405821000578667 /* LoginInteractor.swift */; };
		8406AF1A2405821000578667 /* LoginDelegateProtocol.swift in Sources */ = {isa = PBXBuildFile; fileRef = 8406AF0B2405821000578667 /* LoginDelegateProtocol.swift */; };
		8406AF1B2405821000578667 /* LoginEvent.swift in Sources */ = {isa = PBXBuildFile; fileRef = 8406AF0C2405821000578667 /* LoginEvent.swift */; };
		8406AF1C2405821000578667 /* LoginView.swift in Sources */ = {isa = PBXBuildFile; fileRef = 8406AF0D2405821000578667 /* LoginView.swift */; };
		8406AF1D2405821000578667 /* LoginProtocol.swift in Sources */ = {isa = PBXBuildFile; fileRef = 8406AF0E2405821000578667 /* LoginProtocol.swift */; };
		8406AF1E2405821000578667 /* LoginWireframe.swift in Sources */ = {isa = PBXBuildFile; fileRef = 8406AF0F2405821000578667 /* LoginWireframe.swift */; };
		8406AF2B24058F3B00578667 /* Roboto-Regular.ttf in Resources */ = {isa = PBXBuildFile; fileRef = 8406AF1F24058F3A00578667 /* Roboto-Regular.ttf */; };
		8406AF2C24058F3B00578667 /* Roboto-Bold.ttf in Resources */ = {isa = PBXBuildFile; fileRef = 8406AF2024058F3A00578667 /* Roboto-Bold.ttf */; };
		8406AF2D24058F3B00578667 /* Roboto-BlackItalic.ttf in Resources */ = {isa = PBXBuildFile; fileRef = 8406AF2124058F3A00578667 /* Roboto-BlackItalic.ttf */; };
		8406AF2E24058F3B00578667 /* Roboto-Light.ttf in Resources */ = {isa = PBXBuildFile; fileRef = 8406AF2224058F3A00578667 /* Roboto-Light.ttf */; };
		8406AF2F24058F3B00578667 /* Roboto-BoldItalic.ttf in Resources */ = {isa = PBXBuildFile; fileRef = 8406AF2324058F3A00578667 /* Roboto-BoldItalic.ttf */; };
		8406AF3024058F3B00578667 /* Roboto-Black.ttf in Resources */ = {isa = PBXBuildFile; fileRef = 8406AF2424058F3A00578667 /* Roboto-Black.ttf */; };
		8406AF3124058F3B00578667 /* Roboto-Medium.ttf in Resources */ = {isa = PBXBuildFile; fileRef = 8406AF2524058F3B00578667 /* Roboto-Medium.ttf */; };
		8406AF3224058F3B00578667 /* Roboto-Italic.ttf in Resources */ = {isa = PBXBuildFile; fileRef = 8406AF2624058F3B00578667 /* Roboto-Italic.ttf */; };
		8406AF3324058F3B00578667 /* Roboto-LightItalic.ttf in Resources */ = {isa = PBXBuildFile; fileRef = 8406AF2724058F3B00578667 /* Roboto-LightItalic.ttf */; };
		8406AF3424058F3B00578667 /* Roboto-MediumItalic.ttf in Resources */ = {isa = PBXBuildFile; fileRef = 8406AF2824058F3B00578667 /* Roboto-MediumItalic.ttf */; };
		8406AF3524058F3B00578667 /* Roboto-ThinItalic.ttf in Resources */ = {isa = PBXBuildFile; fileRef = 8406AF2924058F3B00578667 /* Roboto-ThinItalic.ttf */; };
		8406AF3624058F3B00578667 /* Roboto-Thin.ttf in Resources */ = {isa = PBXBuildFile; fileRef = 8406AF2A24058F3B00578667 /* Roboto-Thin.ttf */; };
		8406AF392405922B00578667 /* LoginModule+UIDevice.swift in Sources */ = {isa = PBXBuildFile; fileRef = 8406AF382405922B00578667 /* LoginModule+UIDevice.swift */; };
		8406AF4D2407F8B600578667 /* SignupInteractorDependencies.swift in Sources */ = {isa = PBXBuildFile; fileRef = 8406AF3E2407F8B600578667 /* SignupInteractorDependencies.swift */; };
		8406AF4E2407F8B600578667 /* SignupAction.swift in Sources */ = {isa = PBXBuildFile; fileRef = 8406AF3F2407F8B600578667 /* SignupAction.swift */; };
		8406AF4F2407F8B600578667 /* SignupPresenter.swift in Sources */ = {isa = PBXBuildFile; fileRef = 8406AF402407F8B600578667 /* SignupPresenter.swift */; };
		8406AF502407F8B600578667 /* SignupRouter.swift in Sources */ = {isa = PBXBuildFile; fileRef = 8406AF412407F8B600578667 /* SignupRouter.swift */; };
		8406AF512407F8B600578667 /* SignupRouterDependencies.swift in Sources */ = {isa = PBXBuildFile; fileRef = 8406AF422407F8B600578667 /* SignupRouterDependencies.swift */; };
		8406AF522407F8B600578667 /* SignupRoute.swift in Sources */ = {isa = PBXBuildFile; fileRef = 8406AF432407F8B600578667 /* SignupRoute.swift */; };
		8406AF532407F8B600578667 /* SignupViewController.swift in Sources */ = {isa = PBXBuildFile; fileRef = 8406AF442407F8B600578667 /* SignupViewController.swift */; };
		8406AF542407F8B600578667 /* SignupWireframeError.swift in Sources */ = {isa = PBXBuildFile; fileRef = 8406AF452407F8B600578667 /* SignupWireframeError.swift */; };
		8406AF552407F8B600578667 /* SignupPresenterDependencies.swift in Sources */ = {isa = PBXBuildFile; fileRef = 8406AF462407F8B600578667 /* SignupPresenterDependencies.swift */; };
		8406AF562407F8B600578667 /* SignupInteractor.swift in Sources */ = {isa = PBXBuildFile; fileRef = 8406AF472407F8B600578667 /* SignupInteractor.swift */; };
		8406AF572407F8B600578667 /* SignupDelegateProtocol.swift in Sources */ = {isa = PBXBuildFile; fileRef = 8406AF482407F8B600578667 /* SignupDelegateProtocol.swift */; };
		8406AF582407F8B600578667 /* SignupEvent.swift in Sources */ = {isa = PBXBuildFile; fileRef = 8406AF492407F8B600578667 /* SignupEvent.swift */; };
		8406AF592407F8B600578667 /* SignupView.swift in Sources */ = {isa = PBXBuildFile; fileRef = 8406AF4A2407F8B600578667 /* SignupView.swift */; };
		8406AF5A2407F8B600578667 /* SignupProtocol.swift in Sources */ = {isa = PBXBuildFile; fileRef = 8406AF4B2407F8B600578667 /* SignupProtocol.swift */; };
		8406AF5B2407F8B600578667 /* SignupWireframe.swift in Sources */ = {isa = PBXBuildFile; fileRef = 8406AF4C2407F8B600578667 /* SignupWireframe.swift */; };
		8406AF5E24080C2500578667 /* AuthenticationViewController.swift in Sources */ = {isa = PBXBuildFile; fileRef = 8406AF5D24080C2500578667 /* AuthenticationViewController.swift */; };
		8406AF6024080E0400578667 /* ProgressHUD.swift in Sources */ = {isa = PBXBuildFile; fileRef = 8406AF5F24080E0400578667 /* ProgressHUD.swift */; };
		840BF6CC23FFF37400E9D734 /* MoreView.swift in Sources */ = {isa = PBXBuildFile; fileRef = 840BF6CB23FFF37400E9D734 /* MoreView.swift */; };
		84216C3823FD4C2700AB40A4 /* DataCoordinator.swift in Sources */ = {isa = PBXBuildFile; fileRef = 84216C3723FD4C2700AB40A4 /* DataCoordinator.swift */; };
		84216C3B23FD4F2400AB40A4 /* Recipes.xcdatamodeld in Sources */ = {isa = PBXBuildFile; fileRef = 84216C3923FD4F2400AB40A4 /* Recipes.xcdatamodeld */; };
		8478B04C23FEBF2E00E17A9C /* (null) in CopyFiles */ = {isa = PBXBuildFile; settings = {ATTRIBUTES = (CodeSignOnCopy, RemoveHeadersOnCopy, ); }; };
		8485845A23FC28C700D190AF /* MainTabBarController.swift in Sources */ = {isa = PBXBuildFile; fileRef = 8485845923FC28C700D190AF /* MainTabBarController.swift */; };
		8485845C23FC290C00D190AF /* MainTabBar.swift in Sources */ = {isa = PBXBuildFile; fileRef = 8485845B23FC290C00D190AF /* MainTabBar.swift */; };
		8485845E23FC294100D190AF /* MainTabBarButton.swift in Sources */ = {isa = PBXBuildFile; fileRef = 8485845D23FC294100D190AF /* MainTabBarButton.swift */; };
		8485846B23FC2EC200D190AF /* ViewController.swift in Sources */ = {isa = PBXBuildFile; fileRef = 8485846523FC2EC200D190AF /* ViewController.swift */; };
		8485848123FC2EDF00D190AF /* GroceryPresenter.swift in Sources */ = {isa = PBXBuildFile; fileRef = 8485847B23FC2EDF00D190AF /* GroceryPresenter.swift */; };
		8485848223FC2EDF00D190AF /* GroceryRouter.swift in Sources */ = {isa = PBXBuildFile; fileRef = 8485847C23FC2EDF00D190AF /* GroceryRouter.swift */; };
		8485848323FC2EDF00D190AF /* GroceryViewController.swift in Sources */ = {isa = PBXBuildFile; fileRef = 8485847D23FC2EDF00D190AF /* GroceryViewController.swift */; };
		8485848423FC2EDF00D190AF /* GroceryProtocols.swift in Sources */ = {isa = PBXBuildFile; fileRef = 8485847E23FC2EDF00D190AF /* GroceryProtocols.swift */; };
		8485848523FC2EDF00D190AF /* GroceryInteractor.swift in Sources */ = {isa = PBXBuildFile; fileRef = 8485847F23FC2EDF00D190AF /* GroceryInteractor.swift */; };
		8485848623FC2EDF00D190AF /* GroceryConfigurator.swift in Sources */ = {isa = PBXBuildFile; fileRef = 8485848023FC2EDF00D190AF /* GroceryConfigurator.swift */; };
		8485848D23FC2EEE00D190AF /* RecipesPresenter.swift in Sources */ = {isa = PBXBuildFile; fileRef = 8485848723FC2EEE00D190AF /* RecipesPresenter.swift */; };
		8485848E23FC2EEE00D190AF /* RecipesRouter.swift in Sources */ = {isa = PBXBuildFile; fileRef = 8485848823FC2EEE00D190AF /* RecipesRouter.swift */; };
		8485848F23FC2EEE00D190AF /* RecipesViewController.swift in Sources */ = {isa = PBXBuildFile; fileRef = 8485848923FC2EEE00D190AF /* RecipesViewController.swift */; };
		8485849023FC2EEE00D190AF /* RecipesProtocols.swift in Sources */ = {isa = PBXBuildFile; fileRef = 8485848A23FC2EEE00D190AF /* RecipesProtocols.swift */; };
		8485849123FC2EEE00D190AF /* RecipesInteractor.swift in Sources */ = {isa = PBXBuildFile; fileRef = 8485848B23FC2EEE00D190AF /* RecipesInteractor.swift */; };
		8485849223FC2EEE00D190AF /* RecipesConfigurator.swift in Sources */ = {isa = PBXBuildFile; fileRef = 8485848C23FC2EEE00D190AF /* RecipesConfigurator.swift */; };
		8485849923FC2EFB00D190AF /* MorePresenter.swift in Sources */ = {isa = PBXBuildFile; fileRef = 8485849323FC2EFB00D190AF /* MorePresenter.swift */; };
		8485849A23FC2EFB00D190AF /* MoreRouter.swift in Sources */ = {isa = PBXBuildFile; fileRef = 8485849423FC2EFB00D190AF /* MoreRouter.swift */; };
		8485849B23FC2EFB00D190AF /* MoreViewController.swift in Sources */ = {isa = PBXBuildFile; fileRef = 8485849523FC2EFB00D190AF /* MoreViewController.swift */; };
		8485849C23FC2EFB00D190AF /* MoreProtocols.swift in Sources */ = {isa = PBXBuildFile; fileRef = 8485849623FC2EFB00D190AF /* MoreProtocols.swift */; };
		8485849D23FC2EFB00D190AF /* MoreInteractor.swift in Sources */ = {isa = PBXBuildFile; fileRef = 8485849723FC2EFB00D190AF /* MoreInteractor.swift */; };
		8485849E23FC2EFB00D190AF /* MoreConfigurator.swift in Sources */ = {isa = PBXBuildFile; fileRef = 8485849823FC2EFB00D190AF /* MoreConfigurator.swift */; };
		848584A123FC33C400D190AF /* SavesLocalCell.swift in Sources */ = {isa = PBXBuildFile; fileRef = 848584A023FC33C400D190AF /* SavesLocalCell.swift */; };
		84899E312408DCC8006D7EF3 /* NewRecipeInteractorDependencies.swift in Sources */ = {isa = PBXBuildFile; fileRef = 84899E222408DCC8006D7EF3 /* NewRecipeInteractorDependencies.swift */; };
		84899E322408DCC8006D7EF3 /* NewRecipeAction.swift in Sources */ = {isa = PBXBuildFile; fileRef = 84899E232408DCC8006D7EF3 /* NewRecipeAction.swift */; };
		84899E332408DCC8006D7EF3 /* NewRecipePresenter.swift in Sources */ = {isa = PBXBuildFile; fileRef = 84899E242408DCC8006D7EF3 /* NewRecipePresenter.swift */; };
		84899E342408DCC8006D7EF3 /* NewRecipeRouter.swift in Sources */ = {isa = PBXBuildFile; fileRef = 84899E252408DCC8006D7EF3 /* NewRecipeRouter.swift */; };
		84899E352408DCC8006D7EF3 /* NewRecipeRouterDependencies.swift in Sources */ = {isa = PBXBuildFile; fileRef = 84899E262408DCC8006D7EF3 /* NewRecipeRouterDependencies.swift */; };
		84899E362408DCC8006D7EF3 /* NewRecipeRoute.swift in Sources */ = {isa = PBXBuildFile; fileRef = 84899E272408DCC8006D7EF3 /* NewRecipeRoute.swift */; };
		84899E372408DCC8006D7EF3 /* NewRecipeViewController.swift in Sources */ = {isa = PBXBuildFile; fileRef = 84899E282408DCC8006D7EF3 /* NewRecipeViewController.swift */; };
		84899E382408DCC8006D7EF3 /* NewRecipeWireframeError.swift in Sources */ = {isa = PBXBuildFile; fileRef = 84899E292408DCC8006D7EF3 /* NewRecipeWireframeError.swift */; };
		84899E392408DCC8006D7EF3 /* NewRecipePresenterDependencies.swift in Sources */ = {isa = PBXBuildFile; fileRef = 84899E2A2408DCC8006D7EF3 /* NewRecipePresenterDependencies.swift */; };
		84899E3A2408DCC8006D7EF3 /* NewRecipeInteractor.swift in Sources */ = {isa = PBXBuildFile; fileRef = 84899E2B2408DCC8006D7EF3 /* NewRecipeInteractor.swift */; };
		84899E3B2408DCC8006D7EF3 /* NewRecipeDelegateProtocol.swift in Sources */ = {isa = PBXBuildFile; fileRef = 84899E2C2408DCC8006D7EF3 /* NewRecipeDelegateProtocol.swift */; };
		84899E3C2408DCC8006D7EF3 /* NewRecipeEvent.swift in Sources */ = {isa = PBXBuildFile; fileRef = 84899E2D2408DCC8006D7EF3 /* NewRecipeEvent.swift */; };
		84899E3D2408DCC8006D7EF3 /* NewRecipeView.swift in Sources */ = {isa = PBXBuildFile; fileRef = 84899E2E2408DCC8006D7EF3 /* NewRecipeView.swift */; };
		84899E3E2408DCC8006D7EF3 /* NewRecipeProtocol.swift in Sources */ = {isa = PBXBuildFile; fileRef = 84899E2F2408DCC8006D7EF3 /* NewRecipeProtocol.swift */; };
		84899E3F2408DCC8006D7EF3 /* NewRecipeWireframe.swift in Sources */ = {isa = PBXBuildFile; fileRef = 84899E302408DCC8006D7EF3 /* NewRecipeWireframe.swift */; };
		84C2C7582408E27A00C3052B /* NewRecipePicker.swift in Sources */ = {isa = PBXBuildFile; fileRef = 84C2C7572408E27A00C3052B /* NewRecipePicker.swift */; };
		84C2C7692409044A00C3052B /* SavesInteractorDependencies.swift in Sources */ = {isa = PBXBuildFile; fileRef = 84C2C75A2409044A00C3052B /* SavesInteractorDependencies.swift */; };
		84C2C76A2409044A00C3052B /* SavesAction.swift in Sources */ = {isa = PBXBuildFile; fileRef = 84C2C75B2409044A00C3052B /* SavesAction.swift */; };
		84C2C76B2409044A00C3052B /* SavesPresenter.swift in Sources */ = {isa = PBXBuildFile; fileRef = 84C2C75C2409044A00C3052B /* SavesPresenter.swift */; };
		84C2C76C2409044A00C3052B /* SavesRouter.swift in Sources */ = {isa = PBXBuildFile; fileRef = 84C2C75D2409044A00C3052B /* SavesRouter.swift */; };
		84C2C76D2409044A00C3052B /* SavesRouterDependencies.swift in Sources */ = {isa = PBXBuildFile; fileRef = 84C2C75E2409044A00C3052B /* SavesRouterDependencies.swift */; };
		84C2C76E2409044A00C3052B /* SavesRoute.swift in Sources */ = {isa = PBXBuildFile; fileRef = 84C2C75F2409044A00C3052B /* SavesRoute.swift */; };
		84C2C76F2409044A00C3052B /* SavesViewController.swift in Sources */ = {isa = PBXBuildFile; fileRef = 84C2C7602409044A00C3052B /* SavesViewController.swift */; };
		84C2C7702409044A00C3052B /* SavesWireframeError.swift in Sources */ = {isa = PBXBuildFile; fileRef = 84C2C7612409044A00C3052B /* SavesWireframeError.swift */; };
		84C2C7712409044A00C3052B /* SavesPresenterDependencies.swift in Sources */ = {isa = PBXBuildFile; fileRef = 84C2C7622409044A00C3052B /* SavesPresenterDependencies.swift */; };
		84C2C7722409044A00C3052B /* SavesInteractor.swift in Sources */ = {isa = PBXBuildFile; fileRef = 84C2C7632409044A00C3052B /* SavesInteractor.swift */; };
		84C2C7732409044A00C3052B /* SavesDelegateProtocol.swift in Sources */ = {isa = PBXBuildFile; fileRef = 84C2C7642409044A00C3052B /* SavesDelegateProtocol.swift */; };
		84C2C7742409044A00C3052B /* SavesEvent.swift in Sources */ = {isa = PBXBuildFile; fileRef = 84C2C7652409044A00C3052B /* SavesEvent.swift */; };
		84C2C7752409044A00C3052B /* SavesView.swift in Sources */ = {isa = PBXBuildFile; fileRef = 84C2C7662409044A00C3052B /* SavesView.swift */; };
		84C2C7762409044A00C3052B /* SavesProtocol.swift in Sources */ = {isa = PBXBuildFile; fileRef = 84C2C7672409044A00C3052B /* SavesProtocol.swift */; };
		84C2C7772409044A00C3052B /* SavesWireframe.swift in Sources */ = {isa = PBXBuildFile; fileRef = 84C2C7682409044A00C3052B /* SavesWireframe.swift */; };
		84C74C4123FBF98E00AB519F /* AppDelegate.swift in Sources */ = {isa = PBXBuildFile; fileRef = 84C74C4023FBF98E00AB519F /* AppDelegate.swift */; };
		84C74C4323FBF98E00AB519F /* SceneDelegate.swift in Sources */ = {isa = PBXBuildFile; fileRef = 84C74C4223FBF98E00AB519F /* SceneDelegate.swift */; };
		84C74C4A23FBF98F00AB519F /* Assets.xcassets in Resources */ = {isa = PBXBuildFile; fileRef = 84C74C4923FBF98F00AB519F /* Assets.xcassets */; };
		84C74C4D23FBF98F00AB519F /* LaunchScreen.storyboard in Resources */ = {isa = PBXBuildFile; fileRef = 84C74C4B23FBF98F00AB519F /* LaunchScreen.storyboard */; };
		84C74C5C23FBFB0500AB519F /* TextField.swift in Sources */ = {isa = PBXBuildFile; fileRef = 84C74C5B23FBFB0500AB519F /* TextField.swift */; };
		84C74C5E23FBFB2800AB519F /* SegmentControl.swift in Sources */ = {isa = PBXBuildFile; fileRef = 84C74C5D23FBFB2800AB519F /* SegmentControl.swift */; };
		84C74C6223FBFB7D00AB519F /* Amsterdam.ttf in Resources */ = {isa = PBXBuildFile; fileRef = 84C74C6023FBFB7D00AB519F /* Amsterdam.ttf */; };
		84C74C6323FBFB7D00AB519F /* Graphik-regular.ttf in Resources */ = {isa = PBXBuildFile; fileRef = 84C74C6123FBFB7D00AB519F /* Graphik-regular.ttf */; };
		84C74C6A23FBFE0700AB519F /* GoogleService-Info.plist in Resources */ = {isa = PBXBuildFile; fileRef = 84C74C6923FBFE0700AB519F /* GoogleService-Info.plist */; };
		84C74C8523FC03CF00AB519F /* Colors.swift in Sources */ = {isa = PBXBuildFile; fileRef = 84C74C8223FC03CF00AB519F /* Colors.swift */; };
		84C74C8623FC03CF00AB519F /* Fonts.swift in Sources */ = {isa = PBXBuildFile; fileRef = 84C74C8323FC03CF00AB519F /* Fonts.swift */; };
		84C74C8723FC03CF00AB519F /* Utilities.swift in Sources */ = {isa = PBXBuildFile; fileRef = 84C74C8423FC03CF00AB519F /* Utilities.swift */; };
		84D14E3F23FEB4AD00B28A2F /* (null) in Embed Frameworks */ = {isa = PBXBuildFile; settings = {ATTRIBUTES = (CodeSignOnCopy, RemoveHeadersOnCopy, ); }; };
		84E9802723FEA7D2004E8FF0 /* AlertService.swift in Sources */ = {isa = PBXBuildFile; fileRef = 84E9802623FEA7D2004E8FF0 /* AlertService.swift */; };
/* End PBXBuildFile section */

/* Begin PBXCopyFilesBuildPhase section */
		8409679B23FEAE710073D9C0 /* Embed Frameworks */ = {
			isa = PBXCopyFilesBuildPhase;
			buildActionMask = 12;
			dstPath = "";
			dstSubfolderSpec = 10;
			files = (
				84D14E3F23FEB4AD00B28A2F /* (null) in Embed Frameworks */,
			);
			name = "Embed Frameworks";
			runOnlyForDeploymentPostprocessing = 0;
		};
		84D14E4C23FEB64A00B28A2F /* CopyFiles */ = {
			isa = PBXCopyFilesBuildPhase;
			buildActionMask = 2147483647;
			dstPath = "";
			dstSubfolderSpec = 10;
			files = (
				8478B04C23FEBF2E00E17A9C /* (null) in CopyFiles */,
			);
			runOnlyForDeploymentPostprocessing = 0;
		};
/* End PBXCopyFilesBuildPhase section */

/* Begin PBXFileReference section */
		597F2D5B52C1DF75FDA3B71A /* Pods-VIPER-Recipes.debug.xcconfig */ = {isa = PBXFileReference; includeInIndex = 1; lastKnownFileType = text.xcconfig; name = "Pods-VIPER-Recipes.debug.xcconfig"; path = "Target Support Files/Pods-VIPER-Recipes/Pods-VIPER-Recipes.debug.xcconfig"; sourceTree = "<group>"; };
		617800EF2497EC890E7C332F /* Pods-VIPER-Recipes.release.xcconfig */ = {isa = PBXFileReference; includeInIndex = 1; lastKnownFileType = text.xcconfig; name = "Pods-VIPER-Recipes.release.xcconfig"; path = "Target Support Files/Pods-VIPER-Recipes/Pods-VIPER-Recipes.release.xcconfig"; sourceTree = "<group>"; };
		6EA4C22A005D92F4AC4B546F /* libPods-VIPER-Recipes.a */ = {isa = PBXFileReference; explicitFileType = archive.ar; includeInIndex = 0; path = "libPods-VIPER-Recipes.a"; sourceTree = BUILT_PRODUCTS_DIR; };
		8406AF012405821000578667 /* LoginInteractorDependencies.swift */ = {isa = PBXFileReference; lastKnownFileType = sourcecode.swift; path = LoginInteractorDependencies.swift; sourceTree = "<group>"; };
		8406AF022405821000578667 /* LoginAction.swift */ = {isa = PBXFileReference; lastKnownFileType = sourcecode.swift; path = LoginAction.swift; sourceTree = "<group>"; };
		8406AF032405821000578667 /* LoginPresenter.swift */ = {isa = PBXFileReference; lastKnownFileType = sourcecode.swift; path = LoginPresenter.swift; sourceTree = "<group>"; };
		8406AF042405821000578667 /* LoginRouter.swift */ = {isa = PBXFileReference; lastKnownFileType = sourcecode.swift; path = LoginRouter.swift; sourceTree = "<group>"; };
		8406AF052405821000578667 /* LoginRouterDependencies.swift */ = {isa = PBXFileReference; lastKnownFileType = sourcecode.swift; path = LoginRouterDependencies.swift; sourceTree = "<group>"; };
		8406AF062405821000578667 /* LoginRoute.swift */ = {isa = PBXFileReference; lastKnownFileType = sourcecode.swift; path = LoginRoute.swift; sourceTree = "<group>"; };
		8406AF072405821000578667 /* LoginViewController.swift */ = {isa = PBXFileReference; lastKnownFileType = sourcecode.swift; path = LoginViewController.swift; sourceTree = "<group>"; };
		8406AF082405821000578667 /* LoginWireframeError.swift */ = {isa = PBXFileReference; lastKnownFileType = sourcecode.swift; path = LoginWireframeError.swift; sourceTree = "<group>"; };
		8406AF092405821000578667 /* LoginPresenterDependencies.swift */ = {isa = PBXFileReference; lastKnownFileType = sourcecode.swift; path = LoginPresenterDependencies.swift; sourceTree = "<group>"; };
		8406AF0A2405821000578667 /* LoginInteractor.swift */ = {isa = PBXFileReference; lastKnownFileType = sourcecode.swift; path = LoginInteractor.swift; sourceTree = "<group>"; };
		8406AF0B2405821000578667 /* LoginDelegateProtocol.swift */ = {isa = PBXFileReference; lastKnownFileType = sourcecode.swift; path = LoginDelegateProtocol.swift; sourceTree = "<group>"; };
		8406AF0C2405821000578667 /* LoginEvent.swift */ = {isa = PBXFileReference; lastKnownFileType = sourcecode.swift; path = LoginEvent.swift; sourceTree = "<group>"; };
		8406AF0D2405821000578667 /* LoginView.swift */ = {isa = PBXFileReference; lastKnownFileType = sourcecode.swift; path = LoginView.swift; sourceTree = "<group>"; };
		8406AF0E2405821000578667 /* LoginProtocol.swift */ = {isa = PBXFileReference; lastKnownFileType = sourcecode.swift; path = LoginProtocol.swift; sourceTree = "<group>"; };
		8406AF0F2405821000578667 /* LoginWireframe.swift */ = {isa = PBXFileReference; lastKnownFileType = sourcecode.swift; path = LoginWireframe.swift; sourceTree = "<group>"; };
		8406AF1F24058F3A00578667 /* Roboto-Regular.ttf */ = {isa = PBXFileReference; lastKnownFileType = file; path = "Roboto-Regular.ttf"; sourceTree = "<group>"; };
		8406AF2024058F3A00578667 /* Roboto-Bold.ttf */ = {isa = PBXFileReference; lastKnownFileType = file; path = "Roboto-Bold.ttf"; sourceTree = "<group>"; };
		8406AF2124058F3A00578667 /* Roboto-BlackItalic.ttf */ = {isa = PBXFileReference; lastKnownFileType = file; path = "Roboto-BlackItalic.ttf"; sourceTree = "<group>"; };
		8406AF2224058F3A00578667 /* Roboto-Light.ttf */ = {isa = PBXFileReference; lastKnownFileType = file; path = "Roboto-Light.ttf"; sourceTree = "<group>"; };
		8406AF2324058F3A00578667 /* Roboto-BoldItalic.ttf */ = {isa = PBXFileReference; lastKnownFileType = file; path = "Roboto-BoldItalic.ttf"; sourceTree = "<group>"; };
		8406AF2424058F3A00578667 /* Roboto-Black.ttf */ = {isa = PBXFileReference; lastKnownFileType = file; path = "Roboto-Black.ttf"; sourceTree = "<group>"; };
		8406AF2524058F3B00578667 /* Roboto-Medium.ttf */ = {isa = PBXFileReference; lastKnownFileType = file; path = "Roboto-Medium.ttf"; sourceTree = "<group>"; };
		8406AF2624058F3B00578667 /* Roboto-Italic.ttf */ = {isa = PBXFileReference; lastKnownFileType = file; path = "Roboto-Italic.ttf"; sourceTree = "<group>"; };
		8406AF2724058F3B00578667 /* Roboto-LightItalic.ttf */ = {isa = PBXFileReference; lastKnownFileType = file; path = "Roboto-LightItalic.ttf"; sourceTree = "<group>"; };
		8406AF2824058F3B00578667 /* Roboto-MediumItalic.ttf */ = {isa = PBXFileReference; lastKnownFileType = file; path = "Roboto-MediumItalic.ttf"; sourceTree = "<group>"; };
		8406AF2924058F3B00578667 /* Roboto-ThinItalic.ttf */ = {isa = PBXFileReference; lastKnownFileType = file; path = "Roboto-ThinItalic.ttf"; sourceTree = "<group>"; };
		8406AF2A24058F3B00578667 /* Roboto-Thin.ttf */ = {isa = PBXFileReference; lastKnownFileType = file; path = "Roboto-Thin.ttf"; sourceTree = "<group>"; };
		8406AF382405922B00578667 /* LoginModule+UIDevice.swift */ = {isa = PBXFileReference; lastKnownFileType = sourcecode.swift; path = "LoginModule+UIDevice.swift"; sourceTree = "<group>"; };
		8406AF3A2407C8F000578667 /* VIPER-Recipes.entitlements */ = {isa = PBXFileReference; lastKnownFileType = text.plist.entitlements; path = "VIPER-Recipes.entitlements"; sourceTree = "<group>"; };
		8406AF3E2407F8B600578667 /* SignupInteractorDependencies.swift */ = {isa = PBXFileReference; lastKnownFileType = sourcecode.swift; path = SignupInteractorDependencies.swift; sourceTree = "<group>"; };
		8406AF3F2407F8B600578667 /* SignupAction.swift */ = {isa = PBXFileReference; lastKnownFileType = sourcecode.swift; path = SignupAction.swift; sourceTree = "<group>"; };
		8406AF402407F8B600578667 /* SignupPresenter.swift */ = {isa = PBXFileReference; lastKnownFileType = sourcecode.swift; path = SignupPresenter.swift; sourceTree = "<group>"; };
		8406AF412407F8B600578667 /* SignupRouter.swift */ = {isa = PBXFileReference; lastKnownFileType = sourcecode.swift; path = SignupRouter.swift; sourceTree = "<group>"; };
		8406AF422407F8B600578667 /* SignupRouterDependencies.swift */ = {isa = PBXFileReference; lastKnownFileType = sourcecode.swift; path = SignupRouterDependencies.swift; sourceTree = "<group>"; };
		8406AF432407F8B600578667 /* SignupRoute.swift */ = {isa = PBXFileReference; lastKnownFileType = sourcecode.swift; path = SignupRoute.swift; sourceTree = "<group>"; };
		8406AF442407F8B600578667 /* SignupViewController.swift */ = {isa = PBXFileReference; lastKnownFileType = sourcecode.swift; path = SignupViewController.swift; sourceTree = "<group>"; };
		8406AF452407F8B600578667 /* SignupWireframeError.swift */ = {isa = PBXFileReference; lastKnownFileType = sourcecode.swift; path = SignupWireframeError.swift; sourceTree = "<group>"; };
		8406AF462407F8B600578667 /* SignupPresenterDependencies.swift */ = {isa = PBXFileReference; lastKnownFileType = sourcecode.swift; path = SignupPresenterDependencies.swift; sourceTree = "<group>"; };
		8406AF472407F8B600578667 /* SignupInteractor.swift */ = {isa = PBXFileReference; lastKnownFileType = sourcecode.swift; path = SignupInteractor.swift; sourceTree = "<group>"; };
		8406AF482407F8B600578667 /* SignupDelegateProtocol.swift */ = {isa = PBXFileReference; lastKnownFileType = sourcecode.swift; path = SignupDelegateProtocol.swift; sourceTree = "<group>"; };
		8406AF492407F8B600578667 /* SignupEvent.swift */ = {isa = PBXFileReference; lastKnownFileType = sourcecode.swift; path = SignupEvent.swift; sourceTree = "<group>"; };
		8406AF4A2407F8B600578667 /* SignupView.swift */ = {isa = PBXFileReference; lastKnownFileType = sourcecode.swift; path = SignupView.swift; sourceTree = "<group>"; };
		8406AF4B2407F8B600578667 /* SignupProtocol.swift */ = {isa = PBXFileReference; lastKnownFileType = sourcecode.swift; path = SignupProtocol.swift; sourceTree = "<group>"; };
		8406AF4C2407F8B600578667 /* SignupWireframe.swift */ = {isa = PBXFileReference; lastKnownFileType = sourcecode.swift; path = SignupWireframe.swift; sourceTree = "<group>"; };
		8406AF5D24080C2500578667 /* AuthenticationViewController.swift */ = {isa = PBXFileReference; lastKnownFileType = sourcecode.swift; path = AuthenticationViewController.swift; sourceTree = "<group>"; };
		8406AF5F24080E0400578667 /* ProgressHUD.swift */ = {isa = PBXFileReference; lastKnownFileType = sourcecode.swift; path = ProgressHUD.swift; sourceTree = "<group>"; };
		8409675D23FEADFC0073D9C0 /* absl.framework */ = {isa = PBXFileReference; explicitFileType = wrapper.framework; path = absl.framework; sourceTree = BUILT_PRODUCTS_DIR; };
		8409675E23FEADFC0073D9C0 /* AppAuth.framework */ = {isa = PBXFileReference; explicitFileType = wrapper.framework; path = AppAuth.framework; sourceTree = BUILT_PRODUCTS_DIR; };
		8409675F23FEADFC0073D9C0 /* FBLPromises.framework */ = {isa = PBXFileReference; explicitFileType = wrapper.framework; path = FBLPromises.framework; sourceTree = BUILT_PRODUCTS_DIR; };
		8409676023FEADFC0073D9C0 /* FirebaseAuth.framework */ = {isa = PBXFileReference; explicitFileType = wrapper.framework; path = FirebaseAuth.framework; sourceTree = BUILT_PRODUCTS_DIR; };
		8409676123FEADFC0073D9C0 /* FirebaseCore.framework */ = {isa = PBXFileReference; explicitFileType = wrapper.framework; path = FirebaseCore.framework; sourceTree = BUILT_PRODUCTS_DIR; };
		8409676223FEADFC0073D9C0 /* FirebaseCoreDiagnostics.framework */ = {isa = PBXFileReference; explicitFileType = wrapper.framework; path = FirebaseCoreDiagnostics.framework; sourceTree = BUILT_PRODUCTS_DIR; };
		8409676323FEADFC0073D9C0 /* FirebaseFirestore.framework */ = {isa = PBXFileReference; explicitFileType = wrapper.framework; path = FirebaseFirestore.framework; sourceTree = BUILT_PRODUCTS_DIR; };
		8409676423FEADFC0073D9C0 /* FirebaseInstallations.framework */ = {isa = PBXFileReference; explicitFileType = wrapper.framework; path = FirebaseInstallations.framework; sourceTree = BUILT_PRODUCTS_DIR; };
		8409676523FEADFC0073D9C0 /* FirebaseInstanceID.framework */ = {isa = PBXFileReference; explicitFileType = wrapper.framework; path = FirebaseInstanceID.framework; sourceTree = BUILT_PRODUCTS_DIR; };
		8409676623FEADFC0073D9C0 /* GoogleDataTransport.framework */ = {isa = PBXFileReference; explicitFileType = wrapper.framework; path = GoogleDataTransport.framework; sourceTree = BUILT_PRODUCTS_DIR; };
		8409676723FEADFC0073D9C0 /* GoogleDataTransportCCTSupport.framework */ = {isa = PBXFileReference; explicitFileType = wrapper.framework; path = GoogleDataTransportCCTSupport.framework; sourceTree = BUILT_PRODUCTS_DIR; };
		8409676823FEADFC0073D9C0 /* GoogleUtilities.framework */ = {isa = PBXFileReference; explicitFileType = wrapper.framework; path = GoogleUtilities.framework; sourceTree = BUILT_PRODUCTS_DIR; };
		8409676923FEADFC0073D9C0 /* grpc.framework */ = {isa = PBXFileReference; explicitFileType = wrapper.framework; path = grpc.framework; sourceTree = BUILT_PRODUCTS_DIR; };
		8409678423FEAE010073D9C0 /* grpcpp.framework */ = {isa = PBXFileReference; explicitFileType = wrapper.framework; path = grpcpp.framework; sourceTree = BUILT_PRODUCTS_DIR; };
		8409678523FEAE010073D9C0 /* GTMAppAuth.framework */ = {isa = PBXFileReference; explicitFileType = wrapper.framework; path = GTMAppAuth.framework; sourceTree = BUILT_PRODUCTS_DIR; };
		8409678623FEAE010073D9C0 /* GTMSessionFetcher.framework */ = {isa = PBXFileReference; explicitFileType = wrapper.framework; path = GTMSessionFetcher.framework; sourceTree = BUILT_PRODUCTS_DIR; };
		8409678723FEAE010073D9C0 /* leveldb.framework */ = {isa = PBXFileReference; explicitFileType = wrapper.framework; path = leveldb.framework; sourceTree = BUILT_PRODUCTS_DIR; };
		8409678823FEAE010073D9C0 /* nanopb.framework */ = {isa = PBXFileReference; explicitFileType = wrapper.framework; path = nanopb.framework; sourceTree = BUILT_PRODUCTS_DIR; };
		8409678923FEAE010073D9C0 /* openssl_grpc.framework */ = {isa = PBXFileReference; explicitFileType = wrapper.framework; path = openssl_grpc.framework; sourceTree = BUILT_PRODUCTS_DIR; };
		8409679623FEAE040073D9C0 /* SnapKit.framework */ = {isa = PBXFileReference; explicitFileType = wrapper.framework; path = SnapKit.framework; sourceTree = BUILT_PRODUCTS_DIR; };
		840BF6CB23FFF37400E9D734 /* MoreView.swift */ = {isa = PBXFileReference; lastKnownFileType = sourcecode.swift; path = MoreView.swift; sourceTree = "<group>"; };
		84216C3723FD4C2700AB40A4 /* DataCoordinator.swift */ = {isa = PBXFileReference; lastKnownFileType = sourcecode.swift; path = DataCoordinator.swift; sourceTree = "<group>"; };
		84216C3A23FD4F2400AB40A4 /* Recipes.xcdatamodel */ = {isa = PBXFileReference; lastKnownFileType = wrapper.xcdatamodel; path = Recipes.xcdatamodel; sourceTree = "<group>"; };
		8485845923FC28C700D190AF /* MainTabBarController.swift */ = {isa = PBXFileReference; lastKnownFileType = sourcecode.swift; path = MainTabBarController.swift; sourceTree = "<group>"; };
		8485845B23FC290C00D190AF /* MainTabBar.swift */ = {isa = PBXFileReference; lastKnownFileType = sourcecode.swift; path = MainTabBar.swift; sourceTree = "<group>"; };
		8485845D23FC294100D190AF /* MainTabBarButton.swift */ = {isa = PBXFileReference; lastKnownFileType = sourcecode.swift; path = MainTabBarButton.swift; sourceTree = "<group>"; };
		8485846523FC2EC200D190AF /* ViewController.swift */ = {isa = PBXFileReference; lastKnownFileType = sourcecode.swift; path = ViewController.swift; sourceTree = "<group>"; };
		8485847B23FC2EDF00D190AF /* GroceryPresenter.swift */ = {isa = PBXFileReference; lastKnownFileType = sourcecode.swift; path = GroceryPresenter.swift; sourceTree = "<group>"; };
		8485847C23FC2EDF00D190AF /* GroceryRouter.swift */ = {isa = PBXFileReference; lastKnownFileType = sourcecode.swift; path = GroceryRouter.swift; sourceTree = "<group>"; };
		8485847D23FC2EDF00D190AF /* GroceryViewController.swift */ = {isa = PBXFileReference; lastKnownFileType = sourcecode.swift; path = GroceryViewController.swift; sourceTree = "<group>"; };
		8485847E23FC2EDF00D190AF /* GroceryProtocols.swift */ = {isa = PBXFileReference; lastKnownFileType = sourcecode.swift; path = GroceryProtocols.swift; sourceTree = "<group>"; };
		8485847F23FC2EDF00D190AF /* GroceryInteractor.swift */ = {isa = PBXFileReference; lastKnownFileType = sourcecode.swift; path = GroceryInteractor.swift; sourceTree = "<group>"; };
		8485848023FC2EDF00D190AF /* GroceryConfigurator.swift */ = {isa = PBXFileReference; lastKnownFileType = sourcecode.swift; path = GroceryConfigurator.swift; sourceTree = "<group>"; };
		8485848723FC2EEE00D190AF /* RecipesPresenter.swift */ = {isa = PBXFileReference; lastKnownFileType = sourcecode.swift; path = RecipesPresenter.swift; sourceTree = "<group>"; };
		8485848823FC2EEE00D190AF /* RecipesRouter.swift */ = {isa = PBXFileReference; lastKnownFileType = sourcecode.swift; path = RecipesRouter.swift; sourceTree = "<group>"; };
		8485848923FC2EEE00D190AF /* RecipesViewController.swift */ = {isa = PBXFileReference; lastKnownFileType = sourcecode.swift; path = RecipesViewController.swift; sourceTree = "<group>"; };
		8485848A23FC2EEE00D190AF /* RecipesProtocols.swift */ = {isa = PBXFileReference; lastKnownFileType = sourcecode.swift; path = RecipesProtocols.swift; sourceTree = "<group>"; };
		8485848B23FC2EEE00D190AF /* RecipesInteractor.swift */ = {isa = PBXFileReference; lastKnownFileType = sourcecode.swift; path = RecipesInteractor.swift; sourceTree = "<group>"; };
		8485848C23FC2EEE00D190AF /* RecipesConfigurator.swift */ = {isa = PBXFileReference; lastKnownFileType = sourcecode.swift; path = RecipesConfigurator.swift; sourceTree = "<group>"; };
		8485849323FC2EFB00D190AF /* MorePresenter.swift */ = {isa = PBXFileReference; lastKnownFileType = sourcecode.swift; path = MorePresenter.swift; sourceTree = "<group>"; };
		8485849423FC2EFB00D190AF /* MoreRouter.swift */ = {isa = PBXFileReference; lastKnownFileType = sourcecode.swift; path = MoreRouter.swift; sourceTree = "<group>"; };
		8485849523FC2EFB00D190AF /* MoreViewController.swift */ = {isa = PBXFileReference; lastKnownFileType = sourcecode.swift; path = MoreViewController.swift; sourceTree = "<group>"; };
		8485849623FC2EFB00D190AF /* MoreProtocols.swift */ = {isa = PBXFileReference; lastKnownFileType = sourcecode.swift; path = MoreProtocols.swift; sourceTree = "<group>"; };
		8485849723FC2EFB00D190AF /* MoreInteractor.swift */ = {isa = PBXFileReference; lastKnownFileType = sourcecode.swift; path = MoreInteractor.swift; sourceTree = "<group>"; };
		8485849823FC2EFB00D190AF /* MoreConfigurator.swift */ = {isa = PBXFileReference; lastKnownFileType = sourcecode.swift; path = MoreConfigurator.swift; sourceTree = "<group>"; };
		848584A023FC33C400D190AF /* SavesLocalCell.swift */ = {isa = PBXFileReference; lastKnownFileType = sourcecode.swift; name = SavesLocalCell.swift; path = ../../Modules/Saves/SavesLocalCell.swift; sourceTree = "<group>"; };
		84899E222408DCC8006D7EF3 /* NewRecipeInteractorDependencies.swift */ = {isa = PBXFileReference; lastKnownFileType = sourcecode.swift; path = NewRecipeInteractorDependencies.swift; sourceTree = "<group>"; };
		84899E232408DCC8006D7EF3 /* NewRecipeAction.swift */ = {isa = PBXFileReference; lastKnownFileType = sourcecode.swift; path = NewRecipeAction.swift; sourceTree = "<group>"; };
		84899E242408DCC8006D7EF3 /* NewRecipePresenter.swift */ = {isa = PBXFileReference; lastKnownFileType = sourcecode.swift; path = NewRecipePresenter.swift; sourceTree = "<group>"; };
		84899E252408DCC8006D7EF3 /* NewRecipeRouter.swift */ = {isa = PBXFileReference; lastKnownFileType = sourcecode.swift; path = NewRecipeRouter.swift; sourceTree = "<group>"; };
		84899E262408DCC8006D7EF3 /* NewRecipeRouterDependencies.swift */ = {isa = PBXFileReference; lastKnownFileType = sourcecode.swift; path = NewRecipeRouterDependencies.swift; sourceTree = "<group>"; };
		84899E272408DCC8006D7EF3 /* NewRecipeRoute.swift */ = {isa = PBXFileReference; lastKnownFileType = sourcecode.swift; path = NewRecipeRoute.swift; sourceTree = "<group>"; };
		84899E282408DCC8006D7EF3 /* NewRecipeViewController.swift */ = {isa = PBXFileReference; lastKnownFileType = sourcecode.swift; path = NewRecipeViewController.swift; sourceTree = "<group>"; };
		84899E292408DCC8006D7EF3 /* NewRecipeWireframeError.swift */ = {isa = PBXFileReference; lastKnownFileType = sourcecode.swift; path = NewRecipeWireframeError.swift; sourceTree = "<group>"; };
		84899E2A2408DCC8006D7EF3 /* NewRecipePresenterDependencies.swift */ = {isa = PBXFileReference; lastKnownFileType = sourcecode.swift; path = NewRecipePresenterDependencies.swift; sourceTree = "<group>"; };
		84899E2B2408DCC8006D7EF3 /* NewRecipeInteractor.swift */ = {isa = PBXFileReference; lastKnownFileType = sourcecode.swift; path = NewRecipeInteractor.swift; sourceTree = "<group>"; };
		84899E2C2408DCC8006D7EF3 /* NewRecipeDelegateProtocol.swift */ = {isa = PBXFileReference; lastKnownFileType = sourcecode.swift; path = NewRecipeDelegateProtocol.swift; sourceTree = "<group>"; };
		84899E2D2408DCC8006D7EF3 /* NewRecipeEvent.swift */ = {isa = PBXFileReference; lastKnownFileType = sourcecode.swift; path = NewRecipeEvent.swift; sourceTree = "<group>"; };
		84899E2E2408DCC8006D7EF3 /* NewRecipeView.swift */ = {isa = PBXFileReference; lastKnownFileType = sourcecode.swift; path = NewRecipeView.swift; sourceTree = "<group>"; };
		84899E2F2408DCC8006D7EF3 /* NewRecipeProtocol.swift */ = {isa = PBXFileReference; lastKnownFileType = sourcecode.swift; path = NewRecipeProtocol.swift; sourceTree = "<group>"; };
		84899E302408DCC8006D7EF3 /* NewRecipeWireframe.swift */ = {isa = PBXFileReference; lastKnownFileType = sourcecode.swift; path = NewRecipeWireframe.swift; sourceTree = "<group>"; };
		84C2C7572408E27A00C3052B /* NewRecipePicker.swift */ = {isa = PBXFileReference; lastKnownFileType = sourcecode.swift; path = NewRecipePicker.swift; sourceTree = "<group>"; };
		84C2C75A2409044A00C3052B /* SavesInteractorDependencies.swift */ = {isa = PBXFileReference; lastKnownFileType = sourcecode.swift; path = SavesInteractorDependencies.swift; sourceTree = "<group>"; };
		84C2C75B2409044A00C3052B /* SavesAction.swift */ = {isa = PBXFileReference; lastKnownFileType = sourcecode.swift; path = SavesAction.swift; sourceTree = "<group>"; };
		84C2C75C2409044A00C3052B /* SavesPresenter.swift */ = {isa = PBXFileReference; lastKnownFileType = sourcecode.swift; path = SavesPresenter.swift; sourceTree = "<group>"; };
		84C2C75D2409044A00C3052B /* SavesRouter.swift */ = {isa = PBXFileReference; lastKnownFileType = sourcecode.swift; path = SavesRouter.swift; sourceTree = "<group>"; };
		84C2C75E2409044A00C3052B /* SavesRouterDependencies.swift */ = {isa = PBXFileReference; lastKnownFileType = sourcecode.swift; path = SavesRouterDependencies.swift; sourceTree = "<group>"; };
		84C2C75F2409044A00C3052B /* SavesRoute.swift */ = {isa = PBXFileReference; lastKnownFileType = sourcecode.swift; path = SavesRoute.swift; sourceTree = "<group>"; };
		84C2C7602409044A00C3052B /* SavesViewController.swift */ = {isa = PBXFileReference; lastKnownFileType = sourcecode.swift; path = SavesViewController.swift; sourceTree = "<group>"; };
		84C2C7612409044A00C3052B /* SavesWireframeError.swift */ = {isa = PBXFileReference; lastKnownFileType = sourcecode.swift; path = SavesWireframeError.swift; sourceTree = "<group>"; };
		84C2C7622409044A00C3052B /* SavesPresenterDependencies.swift */ = {isa = PBXFileReference; lastKnownFileType = sourcecode.swift; path = SavesPresenterDependencies.swift; sourceTree = "<group>"; };
		84C2C7632409044A00C3052B /* SavesInteractor.swift */ = {isa = PBXFileReference; lastKnownFileType = sourcecode.swift; path = SavesInteractor.swift; sourceTree = "<group>"; };
		84C2C7642409044A00C3052B /* SavesDelegateProtocol.swift */ = {isa = PBXFileReference; lastKnownFileType = sourcecode.swift; path = SavesDelegateProtocol.swift; sourceTree = "<group>"; };
		84C2C7652409044A00C3052B /* SavesEvent.swift */ = {isa = PBXFileReference; lastKnownFileType = sourcecode.swift; path = SavesEvent.swift; sourceTree = "<group>"; };
		84C2C7662409044A00C3052B /* SavesView.swift */ = {isa = PBXFileReference; lastKnownFileType = sourcecode.swift; path = SavesView.swift; sourceTree = "<group>"; };
		84C2C7672409044A00C3052B /* SavesProtocol.swift */ = {isa = PBXFileReference; lastKnownFileType = sourcecode.swift; path = SavesProtocol.swift; sourceTree = "<group>"; };
		84C2C7682409044A00C3052B /* SavesWireframe.swift */ = {isa = PBXFileReference; lastKnownFileType = sourcecode.swift; path = SavesWireframe.swift; sourceTree = "<group>"; };
		84C74C3D23FBF98E00AB519F /* VIPER-Recipes.app */ = {isa = PBXFileReference; explicitFileType = wrapper.application; includeInIndex = 0; path = "VIPER-Recipes.app"; sourceTree = BUILT_PRODUCTS_DIR; };
		84C74C4023FBF98E00AB519F /* AppDelegate.swift */ = {isa = PBXFileReference; lastKnownFileType = sourcecode.swift; path = AppDelegate.swift; sourceTree = "<group>"; };
		84C74C4223FBF98E00AB519F /* SceneDelegate.swift */ = {isa = PBXFileReference; lastKnownFileType = sourcecode.swift; path = SceneDelegate.swift; sourceTree = "<group>"; };
		84C74C4923FBF98F00AB519F /* Assets.xcassets */ = {isa = PBXFileReference; lastKnownFileType = folder.assetcatalog; path = Assets.xcassets; sourceTree = "<group>"; };
		84C74C4C23FBF98F00AB519F /* Base */ = {isa = PBXFileReference; lastKnownFileType = file.storyboard; name = Base; path = Base.lproj/LaunchScreen.storyboard; sourceTree = "<group>"; };
		84C74C4E23FBF98F00AB519F /* Info.plist */ = {isa = PBXFileReference; lastKnownFileType = text.plist.xml; path = Info.plist; sourceTree = "<group>"; };
		84C74C5B23FBFB0500AB519F /* TextField.swift */ = {isa = PBXFileReference; lastKnownFileType = sourcecode.swift; path = TextField.swift; sourceTree = "<group>"; };
		84C74C5D23FBFB2800AB519F /* SegmentControl.swift */ = {isa = PBXFileReference; lastKnownFileType = sourcecode.swift; path = SegmentControl.swift; sourceTree = "<group>"; };
		84C74C6023FBFB7D00AB519F /* Amsterdam.ttf */ = {isa = PBXFileReference; lastKnownFileType = file; path = Amsterdam.ttf; sourceTree = "<group>"; };
		84C74C6123FBFB7D00AB519F /* Graphik-regular.ttf */ = {isa = PBXFileReference; lastKnownFileType = file; path = "Graphik-regular.ttf"; sourceTree = "<group>"; };
		84C74C6923FBFE0700AB519F /* GoogleService-Info.plist */ = {isa = PBXFileReference; fileEncoding = 4; lastKnownFileType = text.plist.xml; path = "GoogleService-Info.plist"; sourceTree = "<group>"; };
		84C74C8223FC03CF00AB519F /* Colors.swift */ = {isa = PBXFileReference; fileEncoding = 4; lastKnownFileType = sourcecode.swift; path = Colors.swift; sourceTree = "<group>"; };
		84C74C8323FC03CF00AB519F /* Fonts.swift */ = {isa = PBXFileReference; fileEncoding = 4; lastKnownFileType = sourcecode.swift; path = Fonts.swift; sourceTree = "<group>"; };
		84C74C8423FC03CF00AB519F /* Utilities.swift */ = {isa = PBXFileReference; fileEncoding = 4; lastKnownFileType = sourcecode.swift; path = Utilities.swift; sourceTree = "<group>"; };
		84D14E4023FEB4B500B28A2F /* SnapKit.framework */ = {isa = PBXFileReference; explicitFileType = wrapper.framework; path = SnapKit.framework; sourceTree = BUILT_PRODUCTS_DIR; };
		84D14E4323FEB4C000B28A2F /* AppAuth.framework */ = {isa = PBXFileReference; explicitFileType = wrapper.framework; path = AppAuth.framework; sourceTree = BUILT_PRODUCTS_DIR; };
		84D14E4623FEB55C00B28A2F /* AppAuth.framework */ = {isa = PBXFileReference; explicitFileType = wrapper.framework; path = AppAuth.framework; sourceTree = BUILT_PRODUCTS_DIR; };
		84E9802623FEA7D2004E8FF0 /* AlertService.swift */ = {isa = PBXFileReference; lastKnownFileType = sourcecode.swift; path = AlertService.swift; sourceTree = "<group>"; };
		84E9802823FEAC21004E8FF0 /* AppAuth.framework */ = {isa = PBXFileReference; explicitFileType = wrapper.framework; path = AppAuth.framework; sourceTree = BUILT_PRODUCTS_DIR; };
		84E9802923FEAC21004E8FF0 /* grpc.framework */ = {isa = PBXFileReference; explicitFileType = wrapper.framework; path = grpc.framework; sourceTree = BUILT_PRODUCTS_DIR; };
		84E9802A23FEAC21004E8FF0 /* GTMSessionFetcher.framework */ = {isa = PBXFileReference; explicitFileType = wrapper.framework; path = GTMSessionFetcher.framework; sourceTree = BUILT_PRODUCTS_DIR; };
		84E9802B23FEAC21004E8FF0 /* nanopb.framework */ = {isa = PBXFileReference; explicitFileType = wrapper.framework; path = nanopb.framework; sourceTree = BUILT_PRODUCTS_DIR; };
		84E9802C23FEAC21004E8FF0 /* openssl_grpc.framework */ = {isa = PBXFileReference; explicitFileType = wrapper.framework; path = openssl_grpc.framework; sourceTree = BUILT_PRODUCTS_DIR; };
/* End PBXFileReference section */

/* Begin PBXFrameworksBuildPhase section */
		84C74C3A23FBF98E00AB519F /* Frameworks */ = {
			isa = PBXFrameworksBuildPhase;
			buildActionMask = 2147483647;
			files = (
				50D27D71C5F0D60DD7B804FB /* libPods-VIPER-Recipes.a in Frameworks */,
			);
			runOnlyForDeploymentPostprocessing = 0;
		};
/* End PBXFrameworksBuildPhase section */

/* Begin PBXGroup section */
		57363EC161E883A4045611B0 /* Frameworks */ = {
			isa = PBXGroup;
			children = (
				8409675D23FEADFC0073D9C0 /* absl.framework */,
				84D14E4623FEB55C00B28A2F /* AppAuth.framework */,
				84D14E4323FEB4C000B28A2F /* AppAuth.framework */,
				84D14E4023FEB4B500B28A2F /* SnapKit.framework */,
				8409675E23FEADFC0073D9C0 /* AppAuth.framework */,
				8409675F23FEADFC0073D9C0 /* FBLPromises.framework */,
				8409679623FEAE040073D9C0 /* SnapKit.framework */,
				8409678423FEAE010073D9C0 /* grpcpp.framework */,
				8409678523FEAE010073D9C0 /* GTMAppAuth.framework */,
				8409678623FEAE010073D9C0 /* GTMSessionFetcher.framework */,
				8409678723FEAE010073D9C0 /* leveldb.framework */,
				8409678823FEAE010073D9C0 /* nanopb.framework */,
				8409678923FEAE010073D9C0 /* openssl_grpc.framework */,
				8409676023FEADFC0073D9C0 /* FirebaseAuth.framework */,
				8409676123FEADFC0073D9C0 /* FirebaseCore.framework */,
				8409676223FEADFC0073D9C0 /* FirebaseCoreDiagnostics.framework */,
				8409676323FEADFC0073D9C0 /* FirebaseFirestore.framework */,
				8409676423FEADFC0073D9C0 /* FirebaseInstallations.framework */,
				8409676523FEADFC0073D9C0 /* FirebaseInstanceID.framework */,
				8409676623FEADFC0073D9C0 /* GoogleDataTransport.framework */,
				8409676723FEADFC0073D9C0 /* GoogleDataTransportCCTSupport.framework */,
				8409676823FEADFC0073D9C0 /* GoogleUtilities.framework */,
				8409676923FEADFC0073D9C0 /* grpc.framework */,
				84E9802823FEAC21004E8FF0 /* AppAuth.framework */,
				84E9802923FEAC21004E8FF0 /* grpc.framework */,
				84E9802A23FEAC21004E8FF0 /* GTMSessionFetcher.framework */,
				84E9802B23FEAC21004E8FF0 /* nanopb.framework */,
				84E9802C23FEAC21004E8FF0 /* openssl_grpc.framework */,
				6EA4C22A005D92F4AC4B546F /* libPods-VIPER-Recipes.a */,
			);
			name = Frameworks;
			sourceTree = "<group>";
		};
		8284ABCCFF3B8D1947DFF07F /* Pods */ = {
			isa = PBXGroup;
			children = (
				597F2D5B52C1DF75FDA3B71A /* Pods-VIPER-Recipes.debug.xcconfig */,
				617800EF2497EC890E7C332F /* Pods-VIPER-Recipes.release.xcconfig */,
			);
			path = Pods;
			sourceTree = "<group>";
		};
		8406AF00240581E900578667 /* Login */ = {
			isa = PBXGroup;
			children = (
				8406AF022405821000578667 /* LoginAction.swift */,
				8406AF0B2405821000578667 /* LoginDelegateProtocol.swift */,
				8406AF0C2405821000578667 /* LoginEvent.swift */,
				8406AF0A2405821000578667 /* LoginInteractor.swift */,
				8406AF012405821000578667 /* LoginInteractorDependencies.swift */,
				8406AF032405821000578667 /* LoginPresenter.swift */,
				8406AF092405821000578667 /* LoginPresenterDependencies.swift */,
				8406AF0E2405821000578667 /* LoginProtocol.swift */,
				8406AF062405821000578667 /* LoginRoute.swift */,
				8406AF042405821000578667 /* LoginRouter.swift */,
				8406AF052405821000578667 /* LoginRouterDependencies.swift */,
				8406AF0D2405821000578667 /* LoginView.swift */,
				8406AF072405821000578667 /* LoginViewController.swift */,
				8406AF0F2405821000578667 /* LoginWireframe.swift */,
				8406AF082405821000578667 /* LoginWireframeError.swift */,
			);
			path = Login;
			sourceTree = "<group>";
		};
		8406AF372405920B00578667 /* Extensions */ = {
			isa = PBXGroup;
			children = (
				8406AF382405922B00578667 /* LoginModule+UIDevice.swift */,
			);
			path = Extensions;
			sourceTree = "<group>";
		};
		8406AF3B2407F88800578667 /* Signup */ = {
			isa = PBXGroup;
			children = (
				8406AF3F2407F8B600578667 /* SignupAction.swift */,
				8406AF482407F8B600578667 /* SignupDelegateProtocol.swift */,
				8406AF492407F8B600578667 /* SignupEvent.swift */,
				8406AF472407F8B600578667 /* SignupInteractor.swift */,
				8406AF3E2407F8B600578667 /* SignupInteractorDependencies.swift */,
				8406AF402407F8B600578667 /* SignupPresenter.swift */,
				8406AF462407F8B600578667 /* SignupPresenterDependencies.swift */,
				8406AF4B2407F8B600578667 /* SignupProtocol.swift */,
				8406AF432407F8B600578667 /* SignupRoute.swift */,
				8406AF412407F8B600578667 /* SignupRouter.swift */,
				8406AF422407F8B600578667 /* SignupRouterDependencies.swift */,
				8406AF4A2407F8B600578667 /* SignupView.swift */,
				8406AF442407F8B600578667 /* SignupViewController.swift */,
				8406AF4C2407F8B600578667 /* SignupWireframe.swift */,
				8406AF452407F8B600578667 /* SignupWireframeError.swift */,
			);
			path = Signup;
			sourceTree = "<group>";
		};
		8406AF5C24080BCC00578667 /* Authentication */ = {
			isa = PBXGroup;
			children = (
				8406AF5D24080C2500578667 /* AuthenticationViewController.swift */,
			);
			path = Authentication;
			sourceTree = "<group>";
		};
		840BF6C423FFF2EB00E9D734 /* View */ = {
			isa = PBXGroup;
			children = (
				840BF6CB23FFF37400E9D734 /* MoreView.swift */,
			);
			name = View;
			sourceTree = "<group>";
		};
		840BF6C523FFF2F100E9D734 /* ViewController */ = {
			isa = PBXGroup;
			children = (
				8485849523FC2EFB00D190AF /* MoreViewController.swift */,
			);
			name = ViewController;
			sourceTree = "<group>";
		};
		840BF6C623FFF2FD00E9D734 /* Presenter */ = {
			isa = PBXGroup;
			children = (
				8485849323FC2EFB00D190AF /* MorePresenter.swift */,
			);
			name = Presenter;
			sourceTree = "<group>";
		};
		840BF6C723FFF30200E9D734 /* Interactor */ = {
			isa = PBXGroup;
			children = (
				8485849723FC2EFB00D190AF /* MoreInteractor.swift */,
			);
			name = Interactor;
			sourceTree = "<group>";
		};
		840BF6C823FFF30800E9D734 /* Protocols */ = {
			isa = PBXGroup;
			children = (
				8485849623FC2EFB00D190AF /* MoreProtocols.swift */,
			);
			name = Protocols;
			sourceTree = "<group>";
		};
		840BF6C923FFF31100E9D734 /* Configurator */ = {
			isa = PBXGroup;
			children = (
				8485849823FC2EFB00D190AF /* MoreConfigurator.swift */,
			);
			name = Configurator;
			sourceTree = "<group>";
		};
		840BF6CA23FFF31A00E9D734 /* Router */ = {
			isa = PBXGroup;
			children = (
				8485849423FC2EFB00D190AF /* MoreRouter.swift */,
			);
			name = Router;
			sourceTree = "<group>";
		};
		84216C3323FD4BEF00AB40A4 /* Services */ = {
			isa = PBXGroup;
			children = (
				84E9802423FEA7B7004E8FF0 /* Alert */,
				84216C3423FD4BFB00AB40A4 /* CoreData */,
			);
			path = Services;
			sourceTree = "<group>";
		};
		84216C3423FD4BFB00AB40A4 /* CoreData */ = {
			isa = PBXGroup;
			children = (
				84216C3623FD4C1000AB40A4 /* Model */,
				84216C3523FD4C0700AB40A4 /* DataCoordinator */,
			);
			path = CoreData;
			sourceTree = "<group>";
		};
		84216C3523FD4C0700AB40A4 /* DataCoordinator */ = {
			isa = PBXGroup;
			children = (
				84216C3723FD4C2700AB40A4 /* DataCoordinator.swift */,
			);
			name = DataCoordinator;
			sourceTree = "<group>";
		};
		84216C3623FD4C1000AB40A4 /* Model */ = {
			isa = PBXGroup;
			children = (
				84216C3923FD4F2400AB40A4 /* Recipes.xcdatamodeld */,
			);
			name = Model;
			sourceTree = "<group>";
		};
		8478B04B23FEBAA800E17A9C /* Recovered References */ = {
			isa = PBXGroup;
			children = (
			);
			name = "Recovered References";
			sourceTree = "<group>";
		};
		8485845723FC28A100D190AF /* ViewController */ = {
			isa = PBXGroup;
			children = (
				8485845923FC28C700D190AF /* MainTabBarController.swift */,
			);
			name = ViewController;
			sourceTree = "<group>";
		};
		8485845823FC28A700D190AF /* View */ = {
			isa = PBXGroup;
			children = (
				8485845B23FC290C00D190AF /* MainTabBar.swift */,
				8485845D23FC294100D190AF /* MainTabBarButton.swift */,
			);
			name = View;
			sourceTree = "<group>";
		};
		8485845F23FC2AFE00D190AF /* Saves */ = {
			isa = PBXGroup;
			children = (
				8485846523FC2EC200D190AF /* ViewController.swift */,
			);
			path = Saves;
			sourceTree = "<group>";
		};
		8485846023FC2B0200D190AF /* Recipes */ = {
			isa = PBXGroup;
			children = (
				8485848723FC2EEE00D190AF /* RecipesPresenter.swift */,
				8485848823FC2EEE00D190AF /* RecipesRouter.swift */,
				8485848923FC2EEE00D190AF /* RecipesViewController.swift */,
				8485848A23FC2EEE00D190AF /* RecipesProtocols.swift */,
				8485848B23FC2EEE00D190AF /* RecipesInteractor.swift */,
				8485848C23FC2EEE00D190AF /* RecipesConfigurator.swift */,
			);
			path = Recipes;
			sourceTree = "<group>";
		};
		8485846123FC2B0A00D190AF /* Grocery */ = {
			isa = PBXGroup;
			children = (
				8485847B23FC2EDF00D190AF /* GroceryPresenter.swift */,
				8485847C23FC2EDF00D190AF /* GroceryRouter.swift */,
				8485847D23FC2EDF00D190AF /* GroceryViewController.swift */,
				8485847E23FC2EDF00D190AF /* GroceryProtocols.swift */,
				8485847F23FC2EDF00D190AF /* GroceryInteractor.swift */,
				8485848023FC2EDF00D190AF /* GroceryConfigurator.swift */,
			);
			path = Grocery;
			sourceTree = "<group>";
		};
		8485846223FC2B1000D190AF /* More */ = {
			isa = PBXGroup;
			children = (
				840BF6C923FFF31100E9D734 /* Configurator */,
				840BF6C723FFF30200E9D734 /* Interactor */,
				840BF6C623FFF2FD00E9D734 /* Presenter */,
				840BF6C823FFF30800E9D734 /* Protocols */,
				840BF6CA23FFF31A00E9D734 /* Router */,
				840BF6C423FFF2EB00E9D734 /* View */,
				840BF6C523FFF2F100E9D734 /* ViewController */,
			);
			path = More;
			sourceTree = "<group>";
		};
		84899E212408DC8D006D7EF3 /* NewRecipe */ = {
			isa = PBXGroup;
			children = (
				84899E232408DCC8006D7EF3 /* NewRecipeAction.swift */,
				84899E2C2408DCC8006D7EF3 /* NewRecipeDelegateProtocol.swift */,
				84899E2D2408DCC8006D7EF3 /* NewRecipeEvent.swift */,
				84899E2B2408DCC8006D7EF3 /* NewRecipeInteractor.swift */,
				84899E222408DCC8006D7EF3 /* NewRecipeInteractorDependencies.swift */,
				84899E242408DCC8006D7EF3 /* NewRecipePresenter.swift */,
				84899E2A2408DCC8006D7EF3 /* NewRecipePresenterDependencies.swift */,
				84899E2F2408DCC8006D7EF3 /* NewRecipeProtocol.swift */,
				84899E272408DCC8006D7EF3 /* NewRecipeRoute.swift */,
				84899E252408DCC8006D7EF3 /* NewRecipeRouter.swift */,
				84899E262408DCC8006D7EF3 /* NewRecipeRouterDependencies.swift */,
				84899E2E2408DCC8006D7EF3 /* NewRecipeView.swift */,
				84899E282408DCC8006D7EF3 /* NewRecipeViewController.swift */,
				84899E302408DCC8006D7EF3 /* NewRecipeWireframe.swift */,
				84899E292408DCC8006D7EF3 /* NewRecipeWireframeError.swift */,
				84C2C7572408E27A00C3052B /* NewRecipePicker.swift */,
			);
			path = NewRecipe;
			sourceTree = "<group>";
		};
		84C2C759240902D700C3052B /* Saves_refactor */ = {
			isa = PBXGroup;
			children = (
				84C2C75B2409044A00C3052B /* SavesAction.swift */,
				84C2C7642409044A00C3052B /* SavesDelegateProtocol.swift */,
				84C2C7652409044A00C3052B /* SavesEvent.swift */,
				84C2C7632409044A00C3052B /* SavesInteractor.swift */,
				84C2C75A2409044A00C3052B /* SavesInteractorDependencies.swift */,
				84C2C75C2409044A00C3052B /* SavesPresenter.swift */,
				84C2C7622409044A00C3052B /* SavesPresenterDependencies.swift */,
				84C2C7672409044A00C3052B /* SavesProtocol.swift */,
				84C2C75F2409044A00C3052B /* SavesRoute.swift */,
				84C2C75D2409044A00C3052B /* SavesRouter.swift */,
				84C2C75E2409044A00C3052B /* SavesRouterDependencies.swift */,
				84C2C7662409044A00C3052B /* SavesView.swift */,
				84C2C7602409044A00C3052B /* SavesViewController.swift */,
				84C2C7682409044A00C3052B /* SavesWireframe.swift */,
				84C2C7612409044A00C3052B /* SavesWireframeError.swift */,
			);
			path = Saves_refactor;
			sourceTree = "<group>";
		};
		84C2C7782409046600C3052B /* TextField */ = {
			isa = PBXGroup;
			children = (
				84C74C5B23FBFB0500AB519F /* TextField.swift */,
			);
			name = TextField;
			sourceTree = "<group>";
		};
		84C2C77A2409047300C3052B /* SegmentControl */ = {
			isa = PBXGroup;
			children = (
				84C74C5D23FBFB2800AB519F /* SegmentControl.swift */,
			);
			name = SegmentControl;
			sourceTree = "<group>";
		};
		84C2C77B2409048000C3052B /* CollectionCell */ = {
			isa = PBXGroup;
			children = (
				84C2C77C2409048D00C3052B /* Saves */,
			);
			name = CollectionCell;
			sourceTree = "<group>";
		};
		84C2C77C2409048D00C3052B /* Saves */ = {
			isa = PBXGroup;
			children = (
				848584A023FC33C400D190AF /* SavesLocalCell.swift */,
			);
			name = Saves;
			sourceTree = "<group>";
		};
		84C74C3423FBF98E00AB519F = {
			isa = PBXGroup;
			children = (
				84C74C3F23FBF98E00AB519F /* VIPER-Recipes */,
				84C74C3E23FBF98E00AB519F /* Products */,
				8284ABCCFF3B8D1947DFF07F /* Pods */,
				57363EC161E883A4045611B0 /* Frameworks */,
				8478B04B23FEBAA800E17A9C /* Recovered References */,
			);
			sourceTree = "<group>";
		};
		84C74C3E23FBF98E00AB519F /* Products */ = {
			isa = PBXGroup;
			children = (
				84C74C3D23FBF98E00AB519F /* VIPER-Recipes.app */,
			);
			name = Products;
			sourceTree = "<group>";
		};
		84C74C3F23FBF98E00AB519F /* VIPER-Recipes */ = {
			isa = PBXGroup;
			children = (
				8406AF3A2407C8F000578667 /* VIPER-Recipes.entitlements */,
				8406AF372405920B00578667 /* Extensions */,
				84216C3323FD4BEF00AB40A4 /* Services */,
				84C74C6523FBFB9800AB519F /* Helpers */,
				84C74C6423FBFB8F00AB519F /* Modules */,
				84C74C5623FBFAB600AB519F /* Common */,
				84C74C5423FBF9B200AB519F /* Supporting Filess */,
				84C74C4923FBF98F00AB519F /* Assets.xcassets */,
			);
			path = "VIPER-Recipes";
			sourceTree = "<group>";
		};
		84C74C5423FBF9B200AB519F /* Supporting Filess */ = {
			isa = PBXGroup;
			children = (
				84C74C4023FBF98E00AB519F /* AppDelegate.swift */,
				84C74C4223FBF98E00AB519F /* SceneDelegate.swift */,
				84C74C4B23FBF98F00AB519F /* LaunchScreen.storyboard */,
				84C74C4E23FBF98F00AB519F /* Info.plist */,
				84C74C6923FBFE0700AB519F /* GoogleService-Info.plist */,
			);
			name = "Supporting Filess";
			sourceTree = "<group>";
		};
		84C74C5623FBFAB600AB519F /* Common */ = {
			isa = PBXGroup;
			children = (
				84C74C5F23FBFB6800AB519F /* Fonts */,
				84C74C5823FBFAC600AB519F /* Views */,
			);
			path = Common;
			sourceTree = "<group>";
		};
		84C74C5823FBFAC600AB519F /* Views */ = {
			isa = PBXGroup;
			children = (
				84C2C77B2409048000C3052B /* CollectionCell */,
				84C2C77A2409047300C3052B /* SegmentControl */,
				84C2C7782409046600C3052B /* TextField */,
			);
			path = Views;
			sourceTree = "<group>";
		};
		84C74C5F23FBFB6800AB519F /* Fonts */ = {
			isa = PBXGroup;
			children = (
				84C74C6023FBFB7D00AB519F /* Amsterdam.ttf */,
				84C74C6123FBFB7D00AB519F /* Graphik-regular.ttf */,
				8406AF2424058F3A00578667 /* Roboto-Black.ttf */,
				8406AF2124058F3A00578667 /* Roboto-BlackItalic.ttf */,
				8406AF2024058F3A00578667 /* Roboto-Bold.ttf */,
				8406AF2324058F3A00578667 /* Roboto-BoldItalic.ttf */,
				8406AF2624058F3B00578667 /* Roboto-Italic.ttf */,
				8406AF2224058F3A00578667 /* Roboto-Light.ttf */,
				8406AF2724058F3B00578667 /* Roboto-LightItalic.ttf */,
				8406AF2524058F3B00578667 /* Roboto-Medium.ttf */,
				8406AF2824058F3B00578667 /* Roboto-MediumItalic.ttf */,
				8406AF1F24058F3A00578667 /* Roboto-Regular.ttf */,
				8406AF2A24058F3B00578667 /* Roboto-Thin.ttf */,
				8406AF2924058F3B00578667 /* Roboto-ThinItalic.ttf */,
			);
			path = Fonts;
			sourceTree = "<group>";
		};
		84C74C6423FBFB8F00AB519F /* Modules */ = {
			isa = PBXGroup;
			children = (
				84C2C759240902D700C3052B /* Saves_refactor */,
				84899E212408DC8D006D7EF3 /* NewRecipe */,
				8406AF5C24080BCC00578667 /* Authentication */,
				8406AF3B2407F88800578667 /* Signup */,
				8406AF00240581E900578667 /* Login */,
				8485846223FC2B1000D190AF /* More */,
				8485846123FC2B0A00D190AF /* Grocery */,
				8485846023FC2B0200D190AF /* Recipes */,
				8485845F23FC2AFE00D190AF /* Saves */,
				84C74C6823FBFBB700AB519F /* MainTabBar */,
			);
			path = Modules;
			sourceTree = "<group>";
		};
		84C74C6523FBFB9800AB519F /* Helpers */ = {
			isa = PBXGroup;
			children = (
				84C74C8223FC03CF00AB519F /* Colors.swift */,
				84C74C8323FC03CF00AB519F /* Fonts.swift */,
				84C74C8423FC03CF00AB519F /* Utilities.swift */,
				8406AF5F24080E0400578667 /* ProgressHUD.swift */,
			);
			path = Helpers;
			sourceTree = "<group>";
		};
		84C74C6823FBFBB700AB519F /* MainTabBar */ = {
			isa = PBXGroup;
			children = (
				8485845823FC28A700D190AF /* View */,
				8485845723FC28A100D190AF /* ViewController */,
			);
			path = MainTabBar;
			sourceTree = "<group>";
		};
		84E9802423FEA7B7004E8FF0 /* Alert */ = {
			isa = PBXGroup;
			children = (
				84E9802523FEA7C2004E8FF0 /* AlertService */,
			);
			path = Alert;
			sourceTree = "<group>";
		};
		84E9802523FEA7C2004E8FF0 /* AlertService */ = {
			isa = PBXGroup;
			children = (
				84E9802623FEA7D2004E8FF0 /* AlertService.swift */,
			);
			name = AlertService;
			sourceTree = "<group>";
		};
/* End PBXGroup section */

/* Begin PBXNativeTarget section */
		84C74C3C23FBF98E00AB519F /* VIPER-Recipes */ = {
			isa = PBXNativeTarget;
			buildConfigurationList = 84C74C5123FBF98F00AB519F /* Build configuration list for PBXNativeTarget "VIPER-Recipes" */;
			buildPhases = (
				F251F1D920DD044C9E3A9F68 /* [CP] Check Pods Manifest.lock */,
				84C74C3923FBF98E00AB519F /* Sources */,
				84C74C3A23FBF98E00AB519F /* Frameworks */,
				84C74C3B23FBF98E00AB519F /* Resources */,
				8409679B23FEAE710073D9C0 /* Embed Frameworks */,
				84D14E4C23FEB64A00B28A2F /* CopyFiles */,
				4303F10B16CF700F3EA35EEC /* [CP] Copy Pods Resources */,
			);
			buildRules = (
			);
			dependencies = (
			);
			name = "VIPER-Recipes";
			productName = "VIPER-Recipes";
			productReference = 84C74C3D23FBF98E00AB519F /* VIPER-Recipes.app */;
			productType = "com.apple.product-type.application";
		};
/* End PBXNativeTarget section */

/* Begin PBXProject section */
		84C74C3523FBF98E00AB519F /* Project object */ = {
			isa = PBXProject;
			attributes = {
				LastSwiftUpdateCheck = 1130;
				LastUpgradeCheck = 1130;
				ORGANIZATIONNAME = "Rinat Kutuev";
				TargetAttributes = {
					84C74C3C23FBF98E00AB519F = {
						CreatedOnToolsVersion = 11.3.1;
					};
				};
			};
			buildConfigurationList = 84C74C3823FBF98E00AB519F /* Build configuration list for PBXProject "VIPER-Recipes" */;
			compatibilityVersion = "Xcode 9.3";
			developmentRegion = en;
			hasScannedForEncodings = 0;
			knownRegions = (
				en,
				Base,
			);
			mainGroup = 84C74C3423FBF98E00AB519F;
			productRefGroup = 84C74C3E23FBF98E00AB519F /* Products */;
			projectDirPath = "";
			projectRoot = "";
			targets = (
				84C74C3C23FBF98E00AB519F /* VIPER-Recipes */,
			);
		};
/* End PBXProject section */

/* Begin PBXResourcesBuildPhase section */
		84C74C3B23FBF98E00AB519F /* Resources */ = {
			isa = PBXResourcesBuildPhase;
			buildActionMask = 2147483647;
			files = (
				8406AF2C24058F3B00578667 /* Roboto-Bold.ttf in Resources */,
				8406AF3424058F3B00578667 /* Roboto-MediumItalic.ttf in Resources */,
				8406AF3624058F3B00578667 /* Roboto-Thin.ttf in Resources */,
				8406AF2B24058F3B00578667 /* Roboto-Regular.ttf in Resources */,
				8406AF3324058F3B00578667 /* Roboto-LightItalic.ttf in Resources */,
				84C74C6323FBFB7D00AB519F /* Graphik-regular.ttf in Resources */,
				84C74C4D23FBF98F00AB519F /* LaunchScreen.storyboard in Resources */,
				84C74C4A23FBF98F00AB519F /* Assets.xcassets in Resources */,
				8406AF3224058F3B00578667 /* Roboto-Italic.ttf in Resources */,
				8406AF3024058F3B00578667 /* Roboto-Black.ttf in Resources */,
				84C74C6A23FBFE0700AB519F /* GoogleService-Info.plist in Resources */,
				84C74C6223FBFB7D00AB519F /* Amsterdam.ttf in Resources */,
				8406AF3124058F3B00578667 /* Roboto-Medium.ttf in Resources */,
				8406AF3524058F3B00578667 /* Roboto-ThinItalic.ttf in Resources */,
				8406AF2D24058F3B00578667 /* Roboto-BlackItalic.ttf in Resources */,
				8406AF2F24058F3B00578667 /* Roboto-BoldItalic.ttf in Resources */,
				8406AF2E24058F3B00578667 /* Roboto-Light.ttf in Resources */,
			);
			runOnlyForDeploymentPostprocessing = 0;
		};
/* End PBXResourcesBuildPhase section */

/* Begin PBXShellScriptBuildPhase section */
		4303F10B16CF700F3EA35EEC /* [CP] Copy Pods Resources */ = {
			isa = PBXShellScriptBuildPhase;
			buildActionMask = 2147483647;
			files = (
			);
			inputFileListPaths = (
				"${PODS_ROOT}/Target Support Files/Pods-VIPER-Recipes/Pods-VIPER-Recipes-resources-${CONFIGURATION}-input-files.xcfilelist",
			);
			name = "[CP] Copy Pods Resources";
			outputFileListPaths = (
				"${PODS_ROOT}/Target Support Files/Pods-VIPER-Recipes/Pods-VIPER-Recipes-resources-${CONFIGURATION}-output-files.xcfilelist",
			);
			runOnlyForDeploymentPostprocessing = 0;
			shellPath = /bin/sh;
			shellScript = "\"${PODS_ROOT}/Target Support Files/Pods-VIPER-Recipes/Pods-VIPER-Recipes-resources.sh\"\n";
			showEnvVarsInLog = 0;
		};
		F251F1D920DD044C9E3A9F68 /* [CP] Check Pods Manifest.lock */ = {
			isa = PBXShellScriptBuildPhase;
			buildActionMask = 2147483647;
			files = (
			);
			inputFileListPaths = (
			);
			inputPaths = (
				"${PODS_PODFILE_DIR_PATH}/Podfile.lock",
				"${PODS_ROOT}/Manifest.lock",
			);
			name = "[CP] Check Pods Manifest.lock";
			outputFileListPaths = (
			);
			outputPaths = (
				"$(DERIVED_FILE_DIR)/Pods-VIPER-Recipes-checkManifestLockResult.txt",
			);
			runOnlyForDeploymentPostprocessing = 0;
			shellPath = /bin/sh;
			shellScript = "diff \"${PODS_PODFILE_DIR_PATH}/Podfile.lock\" \"${PODS_ROOT}/Manifest.lock\" > /dev/null\nif [ $? != 0 ] ; then\n    # print error to STDERR\n    echo \"error: The sandbox is not in sync with the Podfile.lock. Run 'pod install' or update your CocoaPods installation.\" >&2\n    exit 1\nfi\n# This output is used by Xcode 'outputs' to avoid re-running this script phase.\necho \"SUCCESS\" > \"${SCRIPT_OUTPUT_FILE_0}\"\n";
			showEnvVarsInLog = 0;
		};
/* End PBXShellScriptBuildPhase section */

/* Begin PBXSourcesBuildPhase section */
		84C74C3923FBF98E00AB519F /* Sources */ = {
			isa = PBXSourcesBuildPhase;
			buildActionMask = 2147483647;
			files = (
				8485849B23FC2EFB00D190AF /* MoreViewController.swift in Sources */,
				8406AF4F2407F8B600578667 /* SignupPresenter.swift in Sources */,
				84899E382408DCC8006D7EF3 /* NewRecipeWireframeError.swift in Sources */,
				84C2C7692409044A00C3052B /* SavesInteractorDependencies.swift in Sources */,
				8406AF6024080E0400578667 /* ProgressHUD.swift in Sources */,
				84899E392408DCC8006D7EF3 /* NewRecipePresenterDependencies.swift in Sources */,
				8406AF4D2407F8B600578667 /* SignupInteractorDependencies.swift in Sources */,
				8485848223FC2EDF00D190AF /* GroceryRouter.swift in Sources */,
				8406AF192405821000578667 /* LoginInteractor.swift in Sources */,
				8406AF132405821000578667 /* LoginRouter.swift in Sources */,
				8485845A23FC28C700D190AF /* MainTabBarController.swift in Sources */,
				8406AF552407F8B600578667 /* SignupPresenterDependencies.swift in Sources */,
				84C2C76D2409044A00C3052B /* SavesRouterDependencies.swift in Sources */,
				8485849E23FC2EFB00D190AF /* MoreConfigurator.swift in Sources */,
				8485849223FC2EEE00D190AF /* RecipesConfigurator.swift in Sources */,
				84899E332408DCC8006D7EF3 /* NewRecipePresenter.swift in Sources */,
				8485849C23FC2EFB00D190AF /* MoreProtocols.swift in Sources */,
				8406AF392405922B00578667 /* LoginModule+UIDevice.swift in Sources */,
				8485849A23FC2EFB00D190AF /* MoreRouter.swift in Sources */,
				8485848423FC2EDF00D190AF /* GroceryProtocols.swift in Sources */,
				8406AF5E24080C2500578667 /* AuthenticationViewController.swift in Sources */,
				8485848623FC2EDF00D190AF /* GroceryConfigurator.swift in Sources */,
				84C2C7752409044A00C3052B /* SavesView.swift in Sources */,
				84899E342408DCC8006D7EF3 /* NewRecipeRouter.swift in Sources */,
				8485845E23FC294100D190AF /* MainTabBarButton.swift in Sources */,
				84C2C7732409044A00C3052B /* SavesDelegateProtocol.swift in Sources */,
				84899E372408DCC8006D7EF3 /* NewRecipeViewController.swift in Sources */,
				8406AF582407F8B600578667 /* SignupEvent.swift in Sources */,
				84C74C8523FC03CF00AB519F /* Colors.swift in Sources */,
				8406AF122405821000578667 /* LoginPresenter.swift in Sources */,
				840BF6CC23FFF37400E9D734 /* MoreView.swift in Sources */,
				84899E3D2408DCC8006D7EF3 /* NewRecipeView.swift in Sources */,
				8406AF572407F8B600578667 /* SignupDelegateProtocol.swift in Sources */,
				8485849D23FC2EFB00D190AF /* MoreInteractor.swift in Sources */,
				84C2C7702409044A00C3052B /* SavesWireframeError.swift in Sources */,
				84216C3B23FD4F2400AB40A4 /* Recipes.xcdatamodeld in Sources */,
				84C74C8723FC03CF00AB519F /* Utilities.swift in Sources */,
				8406AF542407F8B600578667 /* SignupWireframeError.swift in Sources */,
				84899E322408DCC8006D7EF3 /* NewRecipeAction.swift in Sources */,
				84216C3823FD4C2700AB40A4 /* DataCoordinator.swift in Sources */,
				8406AF152405821000578667 /* LoginRoute.swift in Sources */,
				84899E312408DCC8006D7EF3 /* NewRecipeInteractorDependencies.swift in Sources */,
				8406AF1C2405821000578667 /* LoginView.swift in Sources */,
				8485848D23FC2EEE00D190AF /* RecipesPresenter.swift in Sources */,
				8406AF1B2405821000578667 /* LoginEvent.swift in Sources */,
				8485849923FC2EFB00D190AF /* MorePresenter.swift in Sources */,
				84899E3B2408DCC8006D7EF3 /* NewRecipeDelegateProtocol.swift in Sources */,
				8485848E23FC2EEE00D190AF /* RecipesRouter.swift in Sources */,
				84899E352408DCC8006D7EF3 /* NewRecipeRouterDependencies.swift in Sources */,
				84C2C76C2409044A00C3052B /* SavesRouter.swift in Sources */,
				8406AF502407F8B600578667 /* SignupRouter.swift in Sources */,
				8406AF1A2405821000578667 /* LoginDelegateProtocol.swift in Sources */,
				8485849023FC2EEE00D190AF /* RecipesProtocols.swift in Sources */,
				8406AF4E2407F8B600578667 /* SignupAction.swift in Sources */,
				84C2C7772409044A00C3052B /* SavesWireframe.swift in Sources */,
				848584A123FC33C400D190AF /* SavesLocalCell.swift in Sources */,
				84899E3E2408DCC8006D7EF3 /* NewRecipeProtocol.swift in Sources */,
				84C74C8623FC03CF00AB519F /* Fonts.swift in Sources */,
				8406AF562407F8B600578667 /* SignupInteractor.swift in Sources */,
				84C2C7742409044A00C3052B /* SavesEvent.swift in Sources */,
				84899E3C2408DCC8006D7EF3 /* NewRecipeEvent.swift in Sources */,
				8406AF522407F8B600578667 /* SignupRoute.swift in Sources */,
				8485849123FC2EEE00D190AF /* RecipesInteractor.swift in Sources */,
				84899E3F2408DCC8006D7EF3 /* NewRecipeWireframe.swift in Sources */,
				84C2C7762409044A00C3052B /* SavesProtocol.swift in Sources */,
				8485848123FC2EDF00D190AF /* GroceryPresenter.swift in Sources */,
				8406AF5A2407F8B600578667 /* SignupProtocol.swift in Sources */,
				8406AF1D2405821000578667 /* LoginProtocol.swift in Sources */,
				8485848323FC2EDF00D190AF /* GroceryViewController.swift in Sources */,
				8406AF512407F8B600578667 /* SignupRouterDependencies.swift in Sources */,
				8485848523FC2EDF00D190AF /* GroceryInteractor.swift in Sources */,
				84C74C4123FBF98E00AB519F /* AppDelegate.swift in Sources */,
				8406AF172405821000578667 /* LoginWireframeError.swift in Sources */,
				8406AF5B2407F8B600578667 /* SignupWireframe.swift in Sources */,
				8485845C23FC290C00D190AF /* MainTabBar.swift in Sources */,
				8406AF592407F8B600578667 /* SignupView.swift in Sources */,
				84E9802723FEA7D2004E8FF0 /* AlertService.swift in Sources */,
				84C2C76B2409044A00C3052B /* SavesPresenter.swift in Sources */,
				8406AF1E2405821000578667 /* LoginWireframe.swift in Sources */,
				8406AF162405821000578667 /* LoginViewController.swift in Sources */,
				84C74C4323FBF98E00AB519F /* SceneDelegate.swift in Sources */,
				8406AF112405821000578667 /* LoginAction.swift in Sources */,
				84C2C76A2409044A00C3052B /* SavesAction.swift in Sources */,
				8406AF182405821000578667 /* LoginPresenterDependencies.swift in Sources */,
				84C74C5C23FBFB0500AB519F /* TextField.swift in Sources */,
				84C2C7722409044A00C3052B /* SavesInteractor.swift in Sources */,
				8406AF142405821000578667 /* LoginRouterDependencies.swift in Sources */,
				84899E3A2408DCC8006D7EF3 /* NewRecipeInteractor.swift in Sources */,
				84C2C76F2409044A00C3052B /* SavesViewController.swift in Sources */,
				84C2C7712409044A00C3052B /* SavesPresenterDependencies.swift in Sources */,
				84C2C76E2409044A00C3052B /* SavesRoute.swift in Sources */,
				8485846B23FC2EC200D190AF /* ViewController.swift in Sources */,
				8406AF102405821000578667 /* LoginInteractorDependencies.swift in Sources */,
				84C2C7582408E27A00C3052B /* NewRecipePicker.swift in Sources */,
				84899E362408DCC8006D7EF3 /* NewRecipeRoute.swift in Sources */,
				8406AF532407F8B600578667 /* SignupViewController.swift in Sources */,
				8485848F23FC2EEE00D190AF /* RecipesViewController.swift in Sources */,
				84C74C5E23FBFB2800AB519F /* SegmentControl.swift in Sources */,
			);
			runOnlyForDeploymentPostprocessing = 0;
		};
/* End PBXSourcesBuildPhase section */

/* Begin PBXVariantGroup section */
		84C74C4B23FBF98F00AB519F /* LaunchScreen.storyboard */ = {
			isa = PBXVariantGroup;
			children = (
				84C74C4C23FBF98F00AB519F /* Base */,
			);
			name = LaunchScreen.storyboard;
			sourceTree = "<group>";
		};
/* End PBXVariantGroup section */

/* Begin XCBuildConfiguration section */
		84C74C4F23FBF98F00AB519F /* Debug */ = {
			isa = XCBuildConfiguration;
			buildSettings = {
				ALWAYS_SEARCH_USER_PATHS = NO;
				CLANG_ANALYZER_NONNULL = YES;
				CLANG_ANALYZER_NUMBER_OBJECT_CONVERSION = YES_AGGRESSIVE;
				CLANG_CXX_LANGUAGE_STANDARD = "gnu++14";
				CLANG_CXX_LIBRARY = "libc++";
				CLANG_ENABLE_MODULES = YES;
				CLANG_ENABLE_OBJC_ARC = YES;
				CLANG_ENABLE_OBJC_WEAK = YES;
				CLANG_WARN_BLOCK_CAPTURE_AUTORELEASING = YES;
				CLANG_WARN_BOOL_CONVERSION = YES;
				CLANG_WARN_COMMA = YES;
				CLANG_WARN_CONSTANT_CONVERSION = YES;
				CLANG_WARN_DEPRECATED_OBJC_IMPLEMENTATIONS = YES;
				CLANG_WARN_DIRECT_OBJC_ISA_USAGE = YES_ERROR;
				CLANG_WARN_DOCUMENTATION_COMMENTS = YES;
				CLANG_WARN_EMPTY_BODY = YES;
				CLANG_WARN_ENUM_CONVERSION = YES;
				CLANG_WARN_INFINITE_RECURSION = YES;
				CLANG_WARN_INT_CONVERSION = YES;
				CLANG_WARN_NON_LITERAL_NULL_CONVERSION = YES;
				CLANG_WARN_OBJC_IMPLICIT_RETAIN_SELF = YES;
				CLANG_WARN_OBJC_LITERAL_CONVERSION = YES;
				CLANG_WARN_OBJC_ROOT_CLASS = YES_ERROR;
				CLANG_WARN_RANGE_LOOP_ANALYSIS = YES;
				CLANG_WARN_STRICT_PROTOTYPES = YES;
				CLANG_WARN_SUSPICIOUS_MOVE = YES;
				CLANG_WARN_UNGUARDED_AVAILABILITY = YES_AGGRESSIVE;
				CLANG_WARN_UNREACHABLE_CODE = YES;
				CLANG_WARN__DUPLICATE_METHOD_MATCH = YES;
				COPY_PHASE_STRIP = NO;
				DEBUG_INFORMATION_FORMAT = dwarf;
				ENABLE_STRICT_OBJC_MSGSEND = YES;
				ENABLE_TESTABILITY = YES;
				GCC_C_LANGUAGE_STANDARD = gnu11;
				GCC_DYNAMIC_NO_PIC = NO;
				GCC_NO_COMMON_BLOCKS = YES;
				GCC_OPTIMIZATION_LEVEL = 0;
				GCC_PREPROCESSOR_DEFINITIONS = (
					"DEBUG=1",
					"$(inherited)",
				);
				GCC_WARN_64_TO_32_BIT_CONVERSION = YES;
				GCC_WARN_ABOUT_RETURN_TYPE = YES_ERROR;
				GCC_WARN_UNDECLARED_SELECTOR = YES;
				GCC_WARN_UNINITIALIZED_AUTOS = YES_AGGRESSIVE;
				GCC_WARN_UNUSED_FUNCTION = YES;
				GCC_WARN_UNUSED_VARIABLE = YES;
				IPHONEOS_DEPLOYMENT_TARGET = 13.2;
				MTL_ENABLE_DEBUG_INFO = INCLUDE_SOURCE;
				MTL_FAST_MATH = YES;
				ONLY_ACTIVE_ARCH = YES;
				SDKROOT = iphoneos;
				SWIFT_ACTIVE_COMPILATION_CONDITIONS = DEBUG;
				SWIFT_OPTIMIZATION_LEVEL = "-Onone";
			};
			name = Debug;
		};
		84C74C5023FBF98F00AB519F /* Release */ = {
			isa = XCBuildConfiguration;
			buildSettings = {
				ALWAYS_SEARCH_USER_PATHS = NO;
				CLANG_ANALYZER_NONNULL = YES;
				CLANG_ANALYZER_NUMBER_OBJECT_CONVERSION = YES_AGGRESSIVE;
				CLANG_CXX_LANGUAGE_STANDARD = "gnu++14";
				CLANG_CXX_LIBRARY = "libc++";
				CLANG_ENABLE_MODULES = YES;
				CLANG_ENABLE_OBJC_ARC = YES;
				CLANG_ENABLE_OBJC_WEAK = YES;
				CLANG_WARN_BLOCK_CAPTURE_AUTORELEASING = YES;
				CLANG_WARN_BOOL_CONVERSION = YES;
				CLANG_WARN_COMMA = YES;
				CLANG_WARN_CONSTANT_CONVERSION = YES;
				CLANG_WARN_DEPRECATED_OBJC_IMPLEMENTATIONS = YES;
				CLANG_WARN_DIRECT_OBJC_ISA_USAGE = YES_ERROR;
				CLANG_WARN_DOCUMENTATION_COMMENTS = YES;
				CLANG_WARN_EMPTY_BODY = YES;
				CLANG_WARN_ENUM_CONVERSION = YES;
				CLANG_WARN_INFINITE_RECURSION = YES;
				CLANG_WARN_INT_CONVERSION = YES;
				CLANG_WARN_NON_LITERAL_NULL_CONVERSION = YES;
				CLANG_WARN_OBJC_IMPLICIT_RETAIN_SELF = YES;
				CLANG_WARN_OBJC_LITERAL_CONVERSION = YES;
				CLANG_WARN_OBJC_ROOT_CLASS = YES_ERROR;
				CLANG_WARN_RANGE_LOOP_ANALYSIS = YES;
				CLANG_WARN_STRICT_PROTOTYPES = YES;
				CLANG_WARN_SUSPICIOUS_MOVE = YES;
				CLANG_WARN_UNGUARDED_AVAILABILITY = YES_AGGRESSIVE;
				CLANG_WARN_UNREACHABLE_CODE = YES;
				CLANG_WARN__DUPLICATE_METHOD_MATCH = YES;
				COPY_PHASE_STRIP = NO;
				DEBUG_INFORMATION_FORMAT = "dwarf-with-dsym";
				ENABLE_NS_ASSERTIONS = NO;
				ENABLE_STRICT_OBJC_MSGSEND = YES;
				GCC_C_LANGUAGE_STANDARD = gnu11;
				GCC_NO_COMMON_BLOCKS = YES;
				GCC_WARN_64_TO_32_BIT_CONVERSION = YES;
				GCC_WARN_ABOUT_RETURN_TYPE = YES_ERROR;
				GCC_WARN_UNDECLARED_SELECTOR = YES;
				GCC_WARN_UNINITIALIZED_AUTOS = YES_AGGRESSIVE;
				GCC_WARN_UNUSED_FUNCTION = YES;
				GCC_WARN_UNUSED_VARIABLE = YES;
				IPHONEOS_DEPLOYMENT_TARGET = 13.2;
				MTL_ENABLE_DEBUG_INFO = NO;
				MTL_FAST_MATH = YES;
				SDKROOT = iphoneos;
				SWIFT_COMPILATION_MODE = wholemodule;
				SWIFT_OPTIMIZATION_LEVEL = "-O";
				VALIDATE_PRODUCT = YES;
			};
			name = Release;
		};
		84C74C5223FBF98F00AB519F /* Debug */ = {
			isa = XCBuildConfiguration;
			baseConfigurationReference = 597F2D5B52C1DF75FDA3B71A /* Pods-VIPER-Recipes.debug.xcconfig */;
			buildSettings = {
				ASSETCATALOG_COMPILER_APPICON_NAME = AppIcon;
				CLANG_MODULES_AUTOLINK = NO;
				CODE_SIGN_ENTITLEMENTS = "VIPER-Recipes/VIPER-Recipes.entitlements";
				CODE_SIGN_STYLE = Automatic;
				DEVELOPMENT_TEAM = Z76F7M3L8T;
				INFOPLIST_FILE = "VIPER-Recipes/Info.plist";
				LD_RUNPATH_SEARCH_PATHS = (
					"$(inherited)",
					"@executable_path/Frameworks",
				);
				PRODUCT_BUNDLE_IDENTIFIER = "com.rinatkutuev.self.junior.VIPER-Recipes";
				PRODUCT_NAME = "$(TARGET_NAME)";
				SWIFT_VERSION = 5.0;
				TARGETED_DEVICE_FAMILY = "1,2";
			};
			name = Debug;
		};
		84C74C5323FBF98F00AB519F /* Release */ = {
			isa = XCBuildConfiguration;
			baseConfigurationReference = 617800EF2497EC890E7C332F /* Pods-VIPER-Recipes.release.xcconfig */;
			buildSettings = {
				ASSETCATALOG_COMPILER_APPICON_NAME = AppIcon;
				CLANG_MODULES_AUTOLINK = NO;
				CODE_SIGN_ENTITLEMENTS = "VIPER-Recipes/VIPER-Recipes.entitlements";
				CODE_SIGN_STYLE = Automatic;
				DEVELOPMENT_TEAM = Z76F7M3L8T;
				INFOPLIST_FILE = "VIPER-Recipes/Info.plist";
				LD_RUNPATH_SEARCH_PATHS = (
					"$(inherited)",
					"@executable_path/Frameworks",
				);
				MTL_ENABLE_DEBUG_INFO = NO;
				PRODUCT_BUNDLE_IDENTIFIER = "com.rinatkutuev.self.junior.VIPER-Recipes";
				PRODUCT_NAME = "$(TARGET_NAME)";
				SWIFT_VERSION = 5.0;
				TARGETED_DEVICE_FAMILY = "1,2";
			};
			name = Release;
		};
/* End XCBuildConfiguration section */

/* Begin XCConfigurationList section */
		84C74C3823FBF98E00AB519F /* Build configuration list for PBXProject "VIPER-Recipes" */ = {
			isa = XCConfigurationList;
			buildConfigurations = (
				84C74C4F23FBF98F00AB519F /* Debug */,
				84C74C5023FBF98F00AB519F /* Release */,
			);
			defaultConfigurationIsVisible = 0;
			defaultConfigurationName = Release;
		};
		84C74C5123FBF98F00AB519F /* Build configuration list for PBXNativeTarget "VIPER-Recipes" */ = {
			isa = XCConfigurationList;
			buildConfigurations = (
				84C74C5223FBF98F00AB519F /* Debug */,
				84C74C5323FBF98F00AB519F /* Release */,
			);
			defaultConfigurationIsVisible = 0;
			defaultConfigurationName = Release;
		};
/* End XCConfigurationList section */

/* Begin XCVersionGroup section */
		84216C3923FD4F2400AB40A4 /* Recipes.xcdatamodeld */ = {
			isa = XCVersionGroup;
			children = (
				84216C3A23FD4F2400AB40A4 /* Recipes.xcdatamodel */,
			);
			currentVersion = 84216C3A23FD4F2400AB40A4 /* Recipes.xcdatamodel */;
			path = Recipes.xcdatamodeld;
			sourceTree = "<group>";
			versionGroupType = wrapper.xcdatamodel;
		};
/* End XCVersionGroup section */
	};
	rootObject = 84C74C3523FBF98E00AB519F /* Project object */;
}
